// !$*UTF8*$!
{
	archiveVersion = 1;
	classes = {
	};
	objectVersion = 46;
	objects = {

/* Begin PBXBuildFile section */
		A09477C41EBCA03A00B62278 /* AppDelegate.swift in Sources */ = {isa = PBXBuildFile; fileRef = A09477C31EBCA03A00B62278 /* AppDelegate.swift */; };
		A09477C61EBCA03A00B62278 /* ViewController.swift in Sources */ = {isa = PBXBuildFile; fileRef = A09477C51EBCA03A00B62278 /* ViewController.swift */; };
		A09477C91EBCA03A00B62278 /* Main.storyboard in Resources */ = {isa = PBXBuildFile; fileRef = A09477C71EBCA03A00B62278 /* Main.storyboard */; };
		A09477CB1EBCA03A00B62278 /* Assets.xcassets in Resources */ = {isa = PBXBuildFile; fileRef = A09477CA1EBCA03A00B62278 /* Assets.xcassets */; };
		A09477CE1EBCA03A00B62278 /* LaunchScreen.storyboard in Resources */ = {isa = PBXBuildFile; fileRef = A09477CC1EBCA03A00B62278 /* LaunchScreen.storyboard */; };
		A09477D91EBCA03A00B62278 /* SoTubeTests.swift in Sources */ = {isa = PBXBuildFile; fileRef = A09477D81EBCA03A00B62278 /* SoTubeTests.swift */; };
		A09477E41EBCA03A00B62278 /* SoTubeUITests.swift in Sources */ = {isa = PBXBuildFile; fileRef = A09477E31EBCA03A00B62278 /* SoTubeUITests.swift */; };
/* End PBXBuildFile section */

/* Begin PBXContainerItemProxy section */
		A09477D51EBCA03A00B62278 /* PBXContainerItemProxy */ = {
			isa = PBXContainerItemProxy;
			containerPortal = A09477B81EBCA03A00B62278 /* Project object */;
			proxyType = 1;
			remoteGlobalIDString = A09477BF1EBCA03A00B62278;
			remoteInfo = SoTube;
		};
		A09477E01EBCA03A00B62278 /* PBXContainerItemProxy */ = {
			isa = PBXContainerItemProxy;
			containerPortal = A09477B81EBCA03A00B62278 /* Project object */;
			proxyType = 1;
			remoteGlobalIDString = A09477BF1EBCA03A00B62278;
			remoteInfo = SoTube;
		};
/* End PBXContainerItemProxy section */

/* Begin PBXFileReference section */
		A09477C01EBCA03A00B62278 /* SoTube.app */ = {isa = PBXFileReference; explicitFileType = wrapper.application; includeInIndex = 0; path = SoTube.app; sourceTree = BUILT_PRODUCTS_DIR; };
		A09477C31EBCA03A00B62278 /* AppDelegate.swift */ = {isa = PBXFileReference; lastKnownFileType = sourcecode.swift; path = AppDelegate.swift; sourceTree = "<group>"; };
		A09477C51EBCA03A00B62278 /* ViewController.swift */ = {isa = PBXFileReference; lastKnownFileType = sourcecode.swift; path = ViewController.swift; sourceTree = "<group>"; };
		A09477C81EBCA03A00B62278 /* Base */ = {isa = PBXFileReference; lastKnownFileType = file.storyboard; name = Base; path = Base.lproj/Main.storyboard; sourceTree = "<group>"; };
		A09477CA1EBCA03A00B62278 /* Assets.xcassets */ = {isa = PBXFileReference; lastKnownFileType = folder.assetcatalog; path = Assets.xcassets; sourceTree = "<group>"; };
		A09477CD1EBCA03A00B62278 /* Base */ = {isa = PBXFileReference; lastKnownFileType = file.storyboard; name = Base; path = Base.lproj/LaunchScreen.storyboard; sourceTree = "<group>"; };
		A09477CF1EBCA03A00B62278 /* Info.plist */ = {isa = PBXFileReference; lastKnownFileType = text.plist.xml; path = Info.plist; sourceTree = "<group>"; };
		A09477D41EBCA03A00B62278 /* SoTubeTests.xctest */ = {isa = PBXFileReference; explicitFileType = wrapper.cfbundle; includeInIndex = 0; path = SoTubeTests.xctest; sourceTree = BUILT_PRODUCTS_DIR; };
		A09477D81EBCA03A00B62278 /* SoTubeTests.swift */ = {isa = PBXFileReference; lastKnownFileType = sourcecode.swift; path = SoTubeTests.swift; sourceTree = "<group>"; };
		A09477DA1EBCA03A00B62278 /* Info.plist */ = {isa = PBXFileReference; lastKnownFileType = text.plist.xml; path = Info.plist; sourceTree = "<group>"; };
		A09477DF1EBCA03A00B62278 /* SoTubeUITests.xctest */ = {isa = PBXFileReference; explicitFileType = wrapper.cfbundle; includeInIndex = 0; path = SoTubeUITests.xctest; sourceTree = BUILT_PRODUCTS_DIR; };
		A09477E31EBCA03A00B62278 /* SoTubeUITests.swift */ = {isa = PBXFileReference; lastKnownFileType = sourcecode.swift; path = SoTubeUITests.swift; sourceTree = "<group>"; };
		A09477E51EBCA03A00B62278 /* Info.plist */ = {isa = PBXFileReference; lastKnownFileType = text.plist.xml; path = Info.plist; sourceTree = "<group>"; };
/* End PBXFileReference section */

/* Begin PBXFrameworksBuildPhase section */
		A09477BD1EBCA03A00B62278 /* Frameworks */ = {
			isa = PBXFrameworksBuildPhase;
			buildActionMask = 2147483647;
			files = (
			);
			runOnlyForDeploymentPostprocessing = 0;
		};
		A09477D11EBCA03A00B62278 /* Frameworks */ = {
			isa = PBXFrameworksBuildPhase;
			buildActionMask = 2147483647;
			files = (
			);
			runOnlyForDeploymentPostprocessing = 0;
		};
		A09477DC1EBCA03A00B62278 /* Frameworks */ = {
			isa = PBXFrameworksBuildPhase;
			buildActionMask = 2147483647;
			files = (
			);
			runOnlyForDeploymentPostprocessing = 0;
		};
/* End PBXFrameworksBuildPhase section */

/* Begin PBXGroup section */
		A09477B71EBCA03A00B62278 = {
			isa = PBXGroup;
			children = (
				A09477C21EBCA03A00B62278 /* SoTube */,
				A09477D71EBCA03A00B62278 /* SoTubeTests */,
				A09477E21EBCA03A00B62278 /* SoTubeUITests */,
				A09477C11EBCA03A00B62278 /* Products */,
			);
			sourceTree = "<group>";
		};
		A09477C11EBCA03A00B62278 /* Products */ = {
			isa = PBXGroup;
			children = (
				A09477C01EBCA03A00B62278 /* SoTube.app */,
				A09477D41EBCA03A00B62278 /* SoTubeTests.xctest */,
				A09477DF1EBCA03A00B62278 /* SoTubeUITests.xctest */,
			);
			name = Products;
			sourceTree = "<group>";
		};
		A09477C21EBCA03A00B62278 /* SoTube */ = {
			isa = PBXGroup;
			children = (
				A09477C31EBCA03A00B62278 /* AppDelegate.swift */,
				A09477C51EBCA03A00B62278 /* ViewController.swift */,
				A09477C71EBCA03A00B62278 /* Main.storyboard */,
				A09477CA1EBCA03A00B62278 /* Assets.xcassets */,
				A09477CC1EBCA03A00B62278 /* LaunchScreen.storyboard */,
				A09477CF1EBCA03A00B62278 /* Info.plist */,
			);
			path = SoTube;
			sourceTree = "<group>";
		};
		A09477D71EBCA03A00B62278 /* SoTubeTests */ = {
			isa = PBXGroup;
			children = (
				A09477D81EBCA03A00B62278 /* SoTubeTests.swift */,
				A09477DA1EBCA03A00B62278 /* Info.plist */,
			);
			path = SoTubeTests;
			sourceTree = "<group>";
		};
		A09477E21EBCA03A00B62278 /* SoTubeUITests */ = {
			isa = PBXGroup;
			children = (
				A09477E31EBCA03A00B62278 /* SoTubeUITests.swift */,
				A09477E51EBCA03A00B62278 /* Info.plist */,
			);
			path = SoTubeUITests;
			sourceTree = "<group>";
		};
/* End PBXGroup section */

/* Begin PBXNativeTarget section */
		A09477BF1EBCA03A00B62278 /* SoTube */ = {
			isa = PBXNativeTarget;
			buildConfigurationList = A09477E81EBCA03A00B62278 /* Build configuration list for PBXNativeTarget "SoTube" */;
			buildPhases = (
				A09477BC1EBCA03A00B62278 /* Sources */,
				A09477BD1EBCA03A00B62278 /* Frameworks */,
				A09477BE1EBCA03A00B62278 /* Resources */,
			);
			buildRules = (
			);
			dependencies = (
			);
			name = SoTube;
			productName = SoTube;
			productReference = A09477C01EBCA03A00B62278 /* SoTube.app */;
			productType = "com.apple.product-type.application";
		};
		A09477D31EBCA03A00B62278 /* SoTubeTests */ = {
			isa = PBXNativeTarget;
			buildConfigurationList = A09477EB1EBCA03A00B62278 /* Build configuration list for PBXNativeTarget "SoTubeTests" */;
			buildPhases = (
				A09477D01EBCA03A00B62278 /* Sources */,
				A09477D11EBCA03A00B62278 /* Frameworks */,
				A09477D21EBCA03A00B62278 /* Resources */,
			);
			buildRules = (
			);
			dependencies = (
				A09477D61EBCA03A00B62278 /* PBXTargetDependency */,
			);
			name = SoTubeTests;
			productName = SoTubeTests;
			productReference = A09477D41EBCA03A00B62278 /* SoTubeTests.xctest */;
			productType = "com.apple.product-type.bundle.unit-test";
		};
		A09477DE1EBCA03A00B62278 /* SoTubeUITests */ = {
			isa = PBXNativeTarget;
			buildConfigurationList = A09477EE1EBCA03A00B62278 /* Build configuration list for PBXNativeTarget "SoTubeUITests" */;
			buildPhases = (
				A09477DB1EBCA03A00B62278 /* Sources */,
				A09477DC1EBCA03A00B62278 /* Frameworks */,
				A09477DD1EBCA03A00B62278 /* Resources */,
			);
			buildRules = (
			);
			dependencies = (
				A09477E11EBCA03A00B62278 /* PBXTargetDependency */,
			);
			name = SoTubeUITests;
			productName = SoTubeUITests;
			productReference = A09477DF1EBCA03A00B62278 /* SoTubeUITests.xctest */;
			productType = "com.apple.product-type.bundle.ui-testing";
		};
/* End PBXNativeTarget section */

/* Begin PBXProject section */
		A09477B81EBCA03A00B62278 /* Project object */ = {
			isa = PBXProject;
			attributes = {
				LastSwiftUpdateCheck = 0820;
				LastUpgradeCheck = 0820;
				ORGANIZATIONNAME = "NV Met Talent";
				TargetAttributes = {
					A09477BF1EBCA03A00B62278 = {
						CreatedOnToolsVersion = 8.2.1;
						ProvisioningStyle = Automatic;
					};
					A09477D31EBCA03A00B62278 = {
						CreatedOnToolsVersion = 8.2.1;
						ProvisioningStyle = Automatic;
						TestTargetID = A09477BF1EBCA03A00B62278;
					};
					A09477DE1EBCA03A00B62278 = {
						CreatedOnToolsVersion = 8.2.1;
						ProvisioningStyle = Automatic;
						TestTargetID = A09477BF1EBCA03A00B62278;
					};
				};
			};
			buildConfigurationList = A09477BB1EBCA03A00B62278 /* Build configuration list for PBXProject "SoTube" */;
			compatibilityVersion = "Xcode 3.2";
			developmentRegion = English;
			hasScannedForEncodings = 0;
			knownRegions = (
				en,
				Base,
			);
			mainGroup = A09477B71EBCA03A00B62278;
			productRefGroup = A09477C11EBCA03A00B62278 /* Products */;
			projectDirPath = "";
			projectRoot = "";
			targets = (
				A09477BF1EBCA03A00B62278 /* SoTube */,
				A09477D31EBCA03A00B62278 /* SoTubeTests */,
				A09477DE1EBCA03A00B62278 /* SoTubeUITests */,
			);
		};
/* End PBXProject section */

/* Begin PBXResourcesBuildPhase section */
		A09477BE1EBCA03A00B62278 /* Resources */ = {
			isa = PBXResourcesBuildPhase;
			buildActionMask = 2147483647;
			files = (
				A09477CE1EBCA03A00B62278 /* LaunchScreen.storyboard in Resources */,
				A09477CB1EBCA03A00B62278 /* Assets.xcassets in Resources */,
				A09477C91EBCA03A00B62278 /* Main.storyboard in Resources */,
			);
			runOnlyForDeploymentPostprocessing = 0;
		};
		A09477D21EBCA03A00B62278 /* Resources */ = {
			isa = PBXResourcesBuildPhase;
			buildActionMask = 2147483647;
			files = (
			);
			runOnlyForDeploymentPostprocessing = 0;
		};
		A09477DD1EBCA03A00B62278 /* Resources */ = {
			isa = PBXResourcesBuildPhase;
			buildActionMask = 2147483647;
			files = (
			);
			runOnlyForDeploymentPostprocessing = 0;
		};
/* End PBXResourcesBuildPhase section */

/* Begin PBXSourcesBuildPhase section */
		A09477BC1EBCA03A00B62278 /* Sources */ = {
			isa = PBXSourcesBuildPhase;
			buildActionMask = 2147483647;
			files = (
				A09477C61EBCA03A00B62278 /* ViewController.swift in Sources */,
				A09477C41EBCA03A00B62278 /* AppDelegate.swift in Sources */,
			);
			runOnlyForDeploymentPostprocessing = 0;
		};
		A09477D01EBCA03A00B62278 /* Sources */ = {
			isa = PBXSourcesBuildPhase;
			buildActionMask = 2147483647;
			files = (
				A09477D91EBCA03A00B62278 /* SoTubeTests.swift in Sources */,
			);
			runOnlyForDeploymentPostprocessing = 0;
		};
		A09477DB1EBCA03A00B62278 /* Sources */ = {
			isa = PBXSourcesBuildPhase;
			buildActionMask = 2147483647;
			files = (
				A09477E41EBCA03A00B62278 /* SoTubeUITests.swift in Sources */,
			);
			runOnlyForDeploymentPostprocessing = 0;
		};
/* End PBXSourcesBuildPhase section */

/* Begin PBXTargetDependency section */
		A09477D61EBCA03A00B62278 /* PBXTargetDependency */ = {
			isa = PBXTargetDependency;
			target = A09477BF1EBCA03A00B62278 /* SoTube */;
			targetProxy = A09477D51EBCA03A00B62278 /* PBXContainerItemProxy */;
		};
		A09477E11EBCA03A00B62278 /* PBXTargetDependency */ = {
			isa = PBXTargetDependency;
			target = A09477BF1EBCA03A00B62278 /* SoTube */;
			targetProxy = A09477E01EBCA03A00B62278 /* PBXContainerItemProxy */;
		};
/* End PBXTargetDependency section */

/* Begin PBXVariantGroup section */
		A09477C71EBCA03A00B62278 /* Main.storyboard */ = {
			isa = PBXVariantGroup;
			children = (
				A09477C81EBCA03A00B62278 /* Base */,
			);
			name = Main.storyboard;
			sourceTree = "<group>";
		};
		A09477CC1EBCA03A00B62278 /* LaunchScreen.storyboard */ = {
			isa = PBXVariantGroup;
			children = (
				A09477CD1EBCA03A00B62278 /* Base */,
			);
			name = LaunchScreen.storyboard;
			sourceTree = "<group>";
		};
/* End PBXVariantGroup section */

/* Begin XCBuildConfiguration section */
		A09477E61EBCA03A00B62278 /* Debug */ = {
			isa = XCBuildConfiguration;
			buildSettings = {
				ALWAYS_SEARCH_USER_PATHS = NO;
				CLANG_ANALYZER_NONNULL = YES;
				CLANG_CXX_LANGUAGE_STANDARD = "gnu++0x";
				CLANG_CXX_LIBRARY = "libc++";
				CLANG_ENABLE_MODULES = YES;
				CLANG_ENABLE_OBJC_ARC = YES;
				CLANG_WARN_BOOL_CONVERSION = YES;
				CLANG_WARN_CONSTANT_CONVERSION = YES;
				CLANG_WARN_DIRECT_OBJC_ISA_USAGE = YES_ERROR;
				CLANG_WARN_DOCUMENTATION_COMMENTS = YES;
				CLANG_WARN_EMPTY_BODY = YES;
				CLANG_WARN_ENUM_CONVERSION = YES;
				CLANG_WARN_INFINITE_RECURSION = YES;
				CLANG_WARN_INT_CONVERSION = YES;
				CLANG_WARN_OBJC_ROOT_CLASS = YES_ERROR;
				CLANG_WARN_SUSPICIOUS_MOVE = YES;
				CLANG_WARN_UNREACHABLE_CODE = YES;
				CLANG_WARN__DUPLICATE_METHOD_MATCH = YES;
				"CODE_SIGN_IDENTITY[sdk=iphoneos*]" = "iPhone Developer";
				COPY_PHASE_STRIP = NO;
				DEBUG_INFORMATION_FORMAT = dwarf;
				ENABLE_STRICT_OBJC_MSGSEND = YES;
				ENABLE_TESTABILITY = YES;
				GCC_C_LANGUAGE_STANDARD = gnu99;
				GCC_DYNAMIC_NO_PIC = NO;
				GCC_NO_COMMON_BLOCKS = YES;
				GCC_OPTIMIZATION_LEVEL = 0;
				GCC_PREPROCESSOR_DEFINITIONS = (
					"DEBUG=1",
					"$(inherited)",
				);
				GCC_WARN_64_TO_32_BIT_CONVERSION = YES;
				GCC_WARN_ABOUT_RETURN_TYPE = YES_ERROR;
				GCC_WARN_UNDECLARED_SELECTOR = YES;
				GCC_WARN_UNINITIALIZED_AUTOS = YES_AGGRESSIVE;
				GCC_WARN_UNUSED_FUNCTION = YES;
				GCC_WARN_UNUSED_VARIABLE = YES;
				IPHONEOS_DEPLOYMENT_TARGET = 10.2;
				MTL_ENABLE_DEBUG_INFO = YES;
				ONLY_ACTIVE_ARCH = YES;
				SDKROOT = iphoneos;
				SWIFT_ACTIVE_COMPILATION_CONDITIONS = DEBUG;
				SWIFT_OPTIMIZATION_LEVEL = "-Onone";
				TARGETED_DEVICE_FAMILY = "1,2";
			};
			name = Debug;
		};
		A09477E71EBCA03A00B62278 /* Release */ = {
			isa = XCBuildConfiguration;
			buildSettings = {
				ALWAYS_SEARCH_USER_PATHS = NO;
				CLANG_ANALYZER_NONNULL = YES;
				CLANG_CXX_LANGUAGE_STANDARD = "gnu++0x";
				CLANG_CXX_LIBRARY = "libc++";
				CLANG_ENABLE_MODULES = YES;
				CLANG_ENABLE_OBJC_ARC = YES;
				CLANG_WARN_BOOL_CONVERSION = YES;
				CLANG_WARN_CONSTANT_CONVERSION = YES;
				CLANG_WARN_DIRECT_OBJC_ISA_USAGE = YES_ERROR;
				CLANG_WARN_DOCUMENTATION_COMMENTS = YES;
				CLANG_WARN_EMPTY_BODY = YES;
				CLANG_WARN_ENUM_CONVERSION = YES;
				CLANG_WARN_INFINITE_RECURSION = YES;
				CLANG_WARN_INT_CONVERSION = YES;
				CLANG_WARN_OBJC_ROOT_CLASS = YES_ERROR;
				CLANG_WARN_SUSPICIOUS_MOVE = YES;
				CLANG_WARN_UNREACHABLE_CODE = YES;
				CLANG_WARN__DUPLICATE_METHOD_MATCH = YES;
				"CODE_SIGN_IDENTITY[sdk=iphoneos*]" = "iPhone Developer";
				COPY_PHASE_STRIP = NO;
				DEBUG_INFORMATION_FORMAT = "dwarf-with-dsym";
				ENABLE_NS_ASSERTIONS = NO;
				ENABLE_STRICT_OBJC_MSGSEND = YES;
				GCC_C_LANGUAGE_STANDARD = gnu99;
				GCC_NO_COMMON_BLOCKS = YES;
				GCC_WARN_64_TO_32_BIT_CONVERSION = YES;
				GCC_WARN_ABOUT_RETURN_TYPE = YES_ERROR;
				GCC_WARN_UNDECLARED_SELECTOR = YES;
				GCC_WARN_UNINITIALIZED_AUTOS = YES_AGGRESSIVE;
				GCC_WARN_UNUSED_FUNCTION = YES;
				GCC_WARN_UNUSED_VARIABLE = YES;
				IPHONEOS_DEPLOYMENT_TARGET = 10.2;
				MTL_ENABLE_DEBUG_INFO = NO;
				SDKROOT = iphoneos;
				SWIFT_OPTIMIZATION_LEVEL = "-Owholemodule";
				TARGETED_DEVICE_FAMILY = "1,2";
				VALIDATE_PRODUCT = YES;
			};
			name = Release;
		};
		A09477E91EBCA03A00B62278 /* Debug */ = {
			isa = XCBuildConfiguration;
			buildSettings = {
				ASSETCATALOG_COMPILER_APPICON_NAME = AppIcon;
				INFOPLIST_FILE = SoTube/Info.plist;
				LD_RUNPATH_SEARCH_PATHS = "$(inherited) @executable_path/Frameworks";
				PRODUCT_BUNDLE_IDENTIFIER = com.NVMetTalent.SoTube;
				PRODUCT_NAME = "$(TARGET_NAME)";
				SWIFT_VERSION = 3.0;
			};
			name = Debug;
		};
		A09477EA1EBCA03A00B62278 /* Release */ = {
			isa = XCBuildConfiguration;
			buildSettings = {
				ASSETCATALOG_COMPILER_APPICON_NAME = AppIcon;
				INFOPLIST_FILE = SoTube/Info.plist;
				LD_RUNPATH_SEARCH_PATHS = "$(inherited) @executable_path/Frameworks";
				PRODUCT_BUNDLE_IDENTIFIER = com.NVMetTalent.SoTube;
				PRODUCT_NAME = "$(TARGET_NAME)";
				SWIFT_VERSION = 3.0;
			};
			name = Release;
		};
		A09477EC1EBCA03A00B62278 /* Debug */ = {
			isa = XCBuildConfiguration;
			buildSettings = {
				ALWAYS_EMBED_SWIFT_STANDARD_LIBRARIES = YES;
				BUNDLE_LOADER = "$(TEST_HOST)";
				INFOPLIST_FILE = SoTubeTests/Info.plist;
				LD_RUNPATH_SEARCH_PATHS = "$(inherited) @executable_path/Frameworks @loader_path/Frameworks";
				PRODUCT_BUNDLE_IDENTIFIER = com.NVMetTalent.SoTubeTests;
				PRODUCT_NAME = "$(TARGET_NAME)";
				SWIFT_VERSION = 3.0;
				TEST_HOST = "$(BUILT_PRODUCTS_DIR)/SoTube.app/SoTube";
			};
			name = Debug;
		};
		A09477ED1EBCA03A00B62278 /* Release */ = {
			isa = XCBuildConfiguration;
			buildSettings = {
				ALWAYS_EMBED_SWIFT_STANDARD_LIBRARIES = YES;
				BUNDLE_LOADER = "$(TEST_HOST)";
				INFOPLIST_FILE = SoTubeTests/Info.plist;
				LD_RUNPATH_SEARCH_PATHS = "$(inherited) @executable_path/Frameworks @loader_path/Frameworks";
				PRODUCT_BUNDLE_IDENTIFIER = com.NVMetTalent.SoTubeTests;
				PRODUCT_NAME = "$(TARGET_NAME)";
				SWIFT_VERSION = 3.0;
				TEST_HOST = "$(BUILT_PRODUCTS_DIR)/SoTube.app/SoTube";
			};
			name = Release;
		};
		A09477EF1EBCA03A00B62278 /* Debug */ = {
			isa = XCBuildConfiguration;
			buildSettings = {
				ALWAYS_EMBED_SWIFT_STANDARD_LIBRARIES = YES;
				INFOPLIST_FILE = SoTubeUITests/Info.plist;
				LD_RUNPATH_SEARCH_PATHS = "$(inherited) @executable_path/Frameworks @loader_path/Frameworks";
				PRODUCT_BUNDLE_IDENTIFIER = com.NVMetTalent.SoTubeUITests;
				PRODUCT_NAME = "$(TARGET_NAME)";
				SWIFT_VERSION = 3.0;
				TEST_TARGET_NAME = SoTube;
			};
			name = Debug;
		};
		A09477F01EBCA03A00B62278 /* Release */ = {
			isa = XCBuildConfiguration;
			buildSettings = {
				ALWAYS_EMBED_SWIFT_STANDARD_LIBRARIES = YES;
				INFOPLIST_FILE = SoTubeUITests/Info.plist;
				LD_RUNPATH_SEARCH_PATHS = "$(inherited) @executable_path/Frameworks @loader_path/Frameworks";
				PRODUCT_BUNDLE_IDENTIFIER = com.NVMetTalent.SoTubeUITests;
				PRODUCT_NAME = "$(TARGET_NAME)";
				SWIFT_VERSION = 3.0;
				TEST_TARGET_NAME = SoTube;
			};
			name = Release;
		};
/* End XCBuildConfiguration section */

/* Begin XCConfigurationList section */
		A09477BB1EBCA03A00B62278 /* Build configuration list for PBXProject "SoTube" */ = {
			isa = XCConfigurationList;
			buildConfigurations = (
				A09477E61EBCA03A00B62278 /* Debug */,
				A09477E71EBCA03A00B62278 /* Release */,
			);
			defaultConfigurationIsVisible = 0;
			defaultConfigurationName = Release;
		};
		A09477E81EBCA03A00B62278 /* Build configuration list for PBXNativeTarget "SoTube" */ = {
			isa = XCConfigurationList;
			buildConfigurations = (
				A09477E91EBCA03A00B62278 /* Debug */,
				A09477EA1EBCA03A00B62278 /* Release */,
			);
			defaultConfigurationIsVisible = 0;
		};
		A09477EB1EBCA03A00B62278 /* Build configuration list for PBXNativeTarget "SoTubeTests" */ = {
			isa = XCConfigurationList;
			buildConfigurations = (
				A09477EC1EBCA03A00B62278 /* Debug */,
				A09477ED1EBCA03A00B62278 /* Release */,
			);
			defaultConfigurationIsVisible = 0;
		};
		A09477EE1EBCA03A00B62278 /* Build configuration list for PBXNativeTarget "SoTubeUITests" */ = {
			isa = XCConfigurationList;
			buildConfigurations = (
				A09477EF1EBCA03A00B62278 /* Debug */,
				A09477F01EBCA03A00B62278 /* Release */,
			);
			defaultConfigurationIsVisible = 0;
		};
/* End XCConfigurationList section */
	};
	rootObject = A09477B81EBCA03A00B62278 /* Project object */;
}
