// !$*UTF8*$!
{
	archiveVersion = 1;
	classes = {
	};
	objectVersion = 46;
	objects = {

/* Begin PBXBuildFile section */
		22AEF9D662FE869E806435F1 /* Pods_SoTubeUITests.framework in Frameworks */ = {isa = PBXBuildFile; fileRef = CE00E31D6BDA723D74E74335 /* Pods_SoTubeUITests.framework */; };
		2F0F662D1EC077E60019034F /* LogInViewController.swift in Sources */ = {isa = PBXBuildFile; fileRef = 2F0F662C1EC077E60019034F /* LogInViewController.swift */; };
		2F0F662F1EC077FC0019034F /* CreateAccountViewController.swift in Sources */ = {isa = PBXBuildFile; fileRef = 2F0F662E1EC077FC0019034F /* CreateAccountViewController.swift */; };
		2F0F66321EC079340019034F /* RecoverPasswordViewController.swift in Sources */ = {isa = PBXBuildFile; fileRef = 2F0F66311EC079340019034F /* RecoverPasswordViewController.swift */; };
		2F0F66CC1EC1CA400019034F /* MusicCollectionViewCell.swift in Sources */ = {isa = PBXBuildFile; fileRef = 2F0F66CA1EC1CA400019034F /* MusicCollectionViewCell.swift */; };
		2F0F66D11EC1CA860019034F /* MusicCollectionViewController.swift in Sources */ = {isa = PBXBuildFile; fileRef = 2F0F66D01EC1CA860019034F /* MusicCollectionViewController.swift */; };
		2F0F66D41EC1CB1C0019034F /* MusicTableViewController.swift in Sources */ = {isa = PBXBuildFile; fileRef = 2F0F66D31EC1CB1C0019034F /* MusicTableViewController.swift */; };
		2F0F66D81EC1CBB30019034F /* MusicSplitViewController.swift in Sources */ = {isa = PBXBuildFile; fileRef = 2F0F66D71EC1CBB30019034F /* MusicSplitViewController.swift */; };
		2F0F66DE1EC1CE3F0019034F /* MusicViews.storyboard in Resources */ = {isa = PBXBuildFile; fileRef = 2F0F66DD1EC1CE3F0019034F /* MusicViews.storyboard */; };
		2F0F66E01EC1D8830019034F /* MusicTableViewCell.swift in Sources */ = {isa = PBXBuildFile; fileRef = 2F0F66DF1EC1D8830019034F /* MusicTableViewCell.swift */; };
		2F7029941EC31ACC002B8395 /* Album.storyboard in Resources */ = {isa = PBXBuildFile; fileRef = 2F7029931EC31ACC002B8395 /* Album.storyboard */; };
		2FEC9C861EC9C2A800324AE1 /* PayPalModel.swift in Sources */ = {isa = PBXBuildFile; fileRef = 2FEC9C851EC9C2A800324AE1 /* PayPalModel.swift */; };
		2FEC9C881EC9C2B300324AE1 /* PayPalViewModel.swift in Sources */ = {isa = PBXBuildFile; fileRef = 2FEC9C871EC9C2B300324AE1 /* PayPalViewModel.swift */; };
		2FEC9C8E1EC9C36B00324AE1 /* Payment.storyboard in Resources */ = {isa = PBXBuildFile; fileRef = 2FEC9C8D1EC9C36B00324AE1 /* Payment.storyboard */; };
		2FEC9C901EC9C40800324AE1 /* PaymentViewController.swift in Sources */ = {isa = PBXBuildFile; fileRef = 2FEC9C8F1EC9C40800324AE1 /* PaymentViewController.swift */; };
		486AD1AADA1121E7657201DB /* Pods_SoTubeTests.framework in Frameworks */ = {isa = PBXBuildFile; fileRef = F8D9CD8FE75D5C7CEE073FF5 /* Pods_SoTubeTests.framework */; };
		8DD367DE4ADB1638B8C1254D /* Pods_SoTube.framework in Frameworks */ = {isa = PBXBuildFile; fileRef = D5F8546CAA6D03E6D68520FE /* Pods_SoTube.framework */; };
		A03E690E1EC0F4E900F12FA9 /* MinimizedPlayer.xib in Resources */ = {isa = PBXBuildFile; fileRef = A03E690D1EC0F4E900F12FA9 /* MinimizedPlayer.xib */; };
		A03E69911EC1BE2000F12FA9 /* MyMusicViewController.swift in Sources */ = {isa = PBXBuildFile; fileRef = A03E69901EC1BE2000F12FA9 /* MyMusicViewController.swift */; };
		A03E699A1EC1C41A00F12FA9 /* MyMusic.storyboard in Resources */ = {isa = PBXBuildFile; fileRef = A03E69991EC1C41A00F12FA9 /* MyMusic.storyboard */; };
		A09477C41EBCA03A00B62278 /* AppDelegate.swift in Sources */ = {isa = PBXBuildFile; fileRef = A09477C31EBCA03A00B62278 /* AppDelegate.swift */; };
		A09477C91EBCA03A00B62278 /* Main.storyboard in Resources */ = {isa = PBXBuildFile; fileRef = A09477C71EBCA03A00B62278 /* Main.storyboard */; };
		A09477CB1EBCA03A00B62278 /* Assets.xcassets in Resources */ = {isa = PBXBuildFile; fileRef = A09477CA1EBCA03A00B62278 /* Assets.xcassets */; };
		A09477CE1EBCA03A00B62278 /* LaunchScreen.storyboard in Resources */ = {isa = PBXBuildFile; fileRef = A09477CC1EBCA03A00B62278 /* LaunchScreen.storyboard */; };
		A09477D91EBCA03A00B62278 /* SoTubeTests.swift in Sources */ = {isa = PBXBuildFile; fileRef = A09477D81EBCA03A00B62278 /* SoTubeTests.swift */; };
		A09477E41EBCA03A00B62278 /* SoTubeUITests.swift in Sources */ = {isa = PBXBuildFile; fileRef = A09477E31EBCA03A00B62278 /* SoTubeUITests.swift */; };
		A0ADCB7A1EBCA4C800C82CC9 /* GoogleService-Info.plist in Resources */ = {isa = PBXBuildFile; fileRef = A0ADCB791EBCA4C800C82CC9 /* GoogleService-Info.plist */; };
		A0ADCB801EC07C6400C82CC9 /* UIViewExtensions.swift in Sources */ = {isa = PBXBuildFile; fileRef = A0ADCB7F1EC07C6400C82CC9 /* UIViewExtensions.swift */; };
/* End PBXBuildFile section */

/* Begin PBXContainerItemProxy section */
		A09477D51EBCA03A00B62278 /* PBXContainerItemProxy */ = {
			isa = PBXContainerItemProxy;
			containerPortal = A09477B81EBCA03A00B62278 /* Project object */;
			proxyType = 1;
			remoteGlobalIDString = A09477BF1EBCA03A00B62278;
			remoteInfo = SoTube;
		};
		A09477E01EBCA03A00B62278 /* PBXContainerItemProxy */ = {
			isa = PBXContainerItemProxy;
			containerPortal = A09477B81EBCA03A00B62278 /* Project object */;
			proxyType = 1;
			remoteGlobalIDString = A09477BF1EBCA03A00B62278;
			remoteInfo = SoTube;
		};
/* End PBXContainerItemProxy section */

/* Begin PBXFileReference section */
		2D9627E07E4FC512667784A6 /* Pods-SoTube.debug.xcconfig */ = {isa = PBXFileReference; includeInIndex = 1; lastKnownFileType = text.xcconfig; name = "Pods-SoTube.debug.xcconfig"; path = "Pods/Target Support Files/Pods-SoTube/Pods-SoTube.debug.xcconfig"; sourceTree = "<group>"; };
		2F0F662C1EC077E60019034F /* LogInViewController.swift */ = {isa = PBXFileReference; fileEncoding = 4; lastKnownFileType = sourcecode.swift; name = LogInViewController.swift; path = Controllers/LogInViewController.swift; sourceTree = "<group>"; };
		2F0F662E1EC077FC0019034F /* CreateAccountViewController.swift */ = {isa = PBXFileReference; fileEncoding = 4; lastKnownFileType = sourcecode.swift; path = CreateAccountViewController.swift; sourceTree = "<group>"; };
		2F0F66311EC079340019034F /* RecoverPasswordViewController.swift */ = {isa = PBXFileReference; fileEncoding = 4; lastKnownFileType = sourcecode.swift; path = RecoverPasswordViewController.swift; sourceTree = "<group>"; };
		2F0F66CA1EC1CA400019034F /* MusicCollectionViewCell.swift */ = {isa = PBXFileReference; fileEncoding = 4; lastKnownFileType = sourcecode.swift; path = MusicCollectionViewCell.swift; sourceTree = "<group>"; };
		2F0F66D01EC1CA860019034F /* MusicCollectionViewController.swift */ = {isa = PBXFileReference; fileEncoding = 4; lastKnownFileType = sourcecode.swift; path = MusicCollectionViewController.swift; sourceTree = "<group>"; };
		2F0F66D31EC1CB1C0019034F /* MusicTableViewController.swift */ = {isa = PBXFileReference; fileEncoding = 4; lastKnownFileType = sourcecode.swift; path = MusicTableViewController.swift; sourceTree = "<group>"; };
		2F0F66D71EC1CBB30019034F /* MusicSplitViewController.swift */ = {isa = PBXFileReference; fileEncoding = 4; lastKnownFileType = sourcecode.swift; path = MusicSplitViewController.swift; sourceTree = "<group>"; };
		2F0F66DD1EC1CE3F0019034F /* MusicViews.storyboard */ = {isa = PBXFileReference; fileEncoding = 4; lastKnownFileType = file.storyboard; path = MusicViews.storyboard; sourceTree = "<group>"; };
		2F0F66DF1EC1D8830019034F /* MusicTableViewCell.swift */ = {isa = PBXFileReference; fileEncoding = 4; lastKnownFileType = sourcecode.swift; path = MusicTableViewCell.swift; sourceTree = "<group>"; };
		2F7029931EC31ACC002B8395 /* Album.storyboard */ = {isa = PBXFileReference; fileEncoding = 4; lastKnownFileType = file.storyboard; path = Album.storyboard; sourceTree = "<group>"; };
		2FEC9C851EC9C2A800324AE1 /* PayPalModel.swift */ = {isa = PBXFileReference; fileEncoding = 4; lastKnownFileType = sourcecode.swift; name = PayPalModel.swift; path = "../../Documents/Paypal SDK test/Paypal SDK test/PayPalModel.swift"; sourceTree = "<group>"; };
		2FEC9C871EC9C2B300324AE1 /* PayPalViewModel.swift */ = {isa = PBXFileReference; fileEncoding = 4; lastKnownFileType = sourcecode.swift; name = PayPalViewModel.swift; path = "../../Documents/Paypal SDK test/Paypal SDK test/PayPalViewModel.swift"; sourceTree = "<group>"; };
		2FEC9C8D1EC9C36B00324AE1 /* Payment.storyboard */ = {isa = PBXFileReference; fileEncoding = 4; lastKnownFileType = file.storyboard; path = Payment.storyboard; sourceTree = "<group>"; };
		2FEC9C8F1EC9C40800324AE1 /* PaymentViewController.swift */ = {isa = PBXFileReference; fileEncoding = 4; lastKnownFileType = sourcecode.swift; name = PaymentViewController.swift; path = Controllers/PaymentViewController.swift; sourceTree = "<group>"; };
		2FEC9C911EC9C75A00324AE1 /* SoTube-Bridging-Header.h */ = {isa = PBXFileReference; lastKnownFileType = sourcecode.c.h; path = "SoTube-Bridging-Header.h"; sourceTree = "<group>"; };
		606381C2A33886FCBAE26F58 /* Pods-SoTube.release.xcconfig */ = {isa = PBXFileReference; includeInIndex = 1; lastKnownFileType = text.xcconfig; name = "Pods-SoTube.release.xcconfig"; path = "Pods/Target Support Files/Pods-SoTube/Pods-SoTube.release.xcconfig"; sourceTree = "<group>"; };
		726495C053F085FDC806A67F /* Pods-SoTubeTests.release.xcconfig */ = {isa = PBXFileReference; includeInIndex = 1; lastKnownFileType = text.xcconfig; name = "Pods-SoTubeTests.release.xcconfig"; path = "Pods/Target Support Files/Pods-SoTubeTests/Pods-SoTubeTests.release.xcconfig"; sourceTree = "<group>"; };
		A03E690D1EC0F4E900F12FA9 /* MinimizedPlayer.xib */ = {isa = PBXFileReference; fileEncoding = 4; lastKnownFileType = file.xib; name = MinimizedPlayer.xib; path = Views/MinimizedPlayer.xib; sourceTree = "<group>"; };
		A03E69901EC1BE2000F12FA9 /* MyMusicViewController.swift */ = {isa = PBXFileReference; fileEncoding = 4; lastKnownFileType = sourcecode.swift; path = MyMusicViewController.swift; sourceTree = "<group>"; };
		A03E69991EC1C41A00F12FA9 /* MyMusic.storyboard */ = {isa = PBXFileReference; fileEncoding = 4; lastKnownFileType = file.storyboard; name = MyMusic.storyboard; path = Views/MyMusic.storyboard; sourceTree = "<group>"; };
		A09477C01EBCA03A00B62278 /* SoTube.app */ = {isa = PBXFileReference; explicitFileType = wrapper.application; includeInIndex = 0; path = SoTube.app; sourceTree = BUILT_PRODUCTS_DIR; };
		A09477C31EBCA03A00B62278 /* AppDelegate.swift */ = {isa = PBXFileReference; lastKnownFileType = sourcecode.swift; path = AppDelegate.swift; sourceTree = "<group>"; };
		A09477C81EBCA03A00B62278 /* Base */ = {isa = PBXFileReference; lastKnownFileType = file.storyboard; name = Base; path = Base.lproj/Main.storyboard; sourceTree = "<group>"; };
		A09477CA1EBCA03A00B62278 /* Assets.xcassets */ = {isa = PBXFileReference; lastKnownFileType = folder.assetcatalog; path = Assets.xcassets; sourceTree = "<group>"; };
		A09477CD1EBCA03A00B62278 /* Base */ = {isa = PBXFileReference; lastKnownFileType = file.storyboard; name = Base; path = Base.lproj/LaunchScreen.storyboard; sourceTree = "<group>"; };
		A09477CF1EBCA03A00B62278 /* Info.plist */ = {isa = PBXFileReference; lastKnownFileType = text.plist.xml; path = Info.plist; sourceTree = "<group>"; };
		A09477D41EBCA03A00B62278 /* SoTubeTests.xctest */ = {isa = PBXFileReference; explicitFileType = wrapper.cfbundle; includeInIndex = 0; path = SoTubeTests.xctest; sourceTree = BUILT_PRODUCTS_DIR; };
		A09477D81EBCA03A00B62278 /* SoTubeTests.swift */ = {isa = PBXFileReference; lastKnownFileType = sourcecode.swift; path = SoTubeTests.swift; sourceTree = "<group>"; };
		A09477DA1EBCA03A00B62278 /* Info.plist */ = {isa = PBXFileReference; lastKnownFileType = text.plist.xml; path = Info.plist; sourceTree = "<group>"; };
		A09477DF1EBCA03A00B62278 /* SoTubeUITests.xctest */ = {isa = PBXFileReference; explicitFileType = wrapper.cfbundle; includeInIndex = 0; path = SoTubeUITests.xctest; sourceTree = BUILT_PRODUCTS_DIR; };
		A09477E31EBCA03A00B62278 /* SoTubeUITests.swift */ = {isa = PBXFileReference; lastKnownFileType = sourcecode.swift; path = SoTubeUITests.swift; sourceTree = "<group>"; };
		A09477E51EBCA03A00B62278 /* Info.plist */ = {isa = PBXFileReference; lastKnownFileType = text.plist.xml; path = Info.plist; sourceTree = "<group>"; };
		A0ADCB791EBCA4C800C82CC9 /* GoogleService-Info.plist */ = {isa = PBXFileReference; fileEncoding = 4; lastKnownFileType = text.plist.xml; path = "GoogleService-Info.plist"; sourceTree = "<group>"; };
		A0ADCB7F1EC07C6400C82CC9 /* UIViewExtensions.swift */ = {isa = PBXFileReference; fileEncoding = 4; lastKnownFileType = sourcecode.swift; name = UIViewExtensions.swift; path = Extentions/UIViewExtensions.swift; sourceTree = "<group>"; };
		BB40F82D7C5E0F469983EEB9 /* Pods-SoTubeUITests.release.xcconfig */ = {isa = PBXFileReference; includeInIndex = 1; lastKnownFileType = text.xcconfig; name = "Pods-SoTubeUITests.release.xcconfig"; path = "Pods/Target Support Files/Pods-SoTubeUITests/Pods-SoTubeUITests.release.xcconfig"; sourceTree = "<group>"; };
		CE00E31D6BDA723D74E74335 /* Pods_SoTubeUITests.framework */ = {isa = PBXFileReference; explicitFileType = wrapper.framework; includeInIndex = 0; path = Pods_SoTubeUITests.framework; sourceTree = BUILT_PRODUCTS_DIR; };
		D5F8546CAA6D03E6D68520FE /* Pods_SoTube.framework */ = {isa = PBXFileReference; explicitFileType = wrapper.framework; includeInIndex = 0; path = Pods_SoTube.framework; sourceTree = BUILT_PRODUCTS_DIR; };
		DCA2687859902B7E8525CD38 /* Pods-SoTubeUITests.debug.xcconfig */ = {isa = PBXFileReference; includeInIndex = 1; lastKnownFileType = text.xcconfig; name = "Pods-SoTubeUITests.debug.xcconfig"; path = "Pods/Target Support Files/Pods-SoTubeUITests/Pods-SoTubeUITests.debug.xcconfig"; sourceTree = "<group>"; };
		F2760E79BB7A2B6DC5E2F7B6 /* Pods-SoTubeTests.debug.xcconfig */ = {isa = PBXFileReference; includeInIndex = 1; lastKnownFileType = text.xcconfig; name = "Pods-SoTubeTests.debug.xcconfig"; path = "Pods/Target Support Files/Pods-SoTubeTests/Pods-SoTubeTests.debug.xcconfig"; sourceTree = "<group>"; };
		F8D9CD8FE75D5C7CEE073FF5 /* Pods_SoTubeTests.framework */ = {isa = PBXFileReference; explicitFileType = wrapper.framework; includeInIndex = 0; path = Pods_SoTubeTests.framework; sourceTree = BUILT_PRODUCTS_DIR; };
/* End PBXFileReference section */

/* Begin PBXFrameworksBuildPhase section */
		A09477BD1EBCA03A00B62278 /* Frameworks */ = {
			isa = PBXFrameworksBuildPhase;
			buildActionMask = 2147483647;
			files = (
				8DD367DE4ADB1638B8C1254D /* Pods_SoTube.framework in Frameworks */,
			);
			runOnlyForDeploymentPostprocessing = 0;
		};
		A09477D11EBCA03A00B62278 /* Frameworks */ = {
			isa = PBXFrameworksBuildPhase;
			buildActionMask = 2147483647;
			files = (
				486AD1AADA1121E7657201DB /* Pods_SoTubeTests.framework in Frameworks */,
			);
			runOnlyForDeploymentPostprocessing = 0;
		};
		A09477DC1EBCA03A00B62278 /* Frameworks */ = {
			isa = PBXFrameworksBuildPhase;
			buildActionMask = 2147483647;
			files = (
				22AEF9D662FE869E806435F1 /* Pods_SoTubeUITests.framework in Frameworks */,
			);
			runOnlyForDeploymentPostprocessing = 0;
		};
/* End PBXFrameworksBuildPhase section */

/* Begin PBXGroup section */
		2F0F66301EC0781B0019034F /* Controllers */ = {
			isa = PBXGroup;
			children = (
				A03E69901EC1BE2000F12FA9 /* MyMusicViewController.swift */,
				2F0F662C1EC077E60019034F /* LogInViewController.swift */,
				2F0F662E1EC077FC0019034F /* CreateAccountViewController.swift */,
				2F0F66311EC079340019034F /* RecoverPasswordViewController.swift */,
				2FEC9C8F1EC9C40800324AE1 /* PaymentViewController.swift */,
				2FEC9C891EC9C2F600324AE1 /* Models */,
				2F0F66D21EC1CABB0019034F /* DisplayMusicControllers */,
			);
			name = Controllers;
			sourceTree = "<group>";
		};
		2F0F66D21EC1CABB0019034F /* DisplayMusicControllers */ = {
			isa = PBXGroup;
			children = (
				2F0F66D71EC1CBB30019034F /* MusicSplitViewController.swift */,
				2F0F66D01EC1CA860019034F /* MusicCollectionViewController.swift */,
				2F0F66CA1EC1CA400019034F /* MusicCollectionViewCell.swift */,
				2F0F66D31EC1CB1C0019034F /* MusicTableViewController.swift */,
				2F0F66DF1EC1D8830019034F /* MusicTableViewCell.swift */,
			);
			name = DisplayMusicControllers;
			sourceTree = "<group>";
		};
		2F0F66D91EC1CC320019034F /* Storyboards */ = {
			isa = PBXGroup;
			children = (
				A09477C71EBCA03A00B62278 /* Main.storyboard */,
				A09477CC1EBCA03A00B62278 /* LaunchScreen.storyboard */,
				A03E69991EC1C41A00F12FA9 /* MyMusic.storyboard */,
				2F0F66DD1EC1CE3F0019034F /* MusicViews.storyboard */,
				2F7029931EC31ACC002B8395 /* Album.storyboard */,
				2FEC9C8D1EC9C36B00324AE1 /* Payment.storyboard */,
				2FEC9C911EC9C75A00324AE1 /* SoTube-Bridging-Header.h */,
			);
			name = Storyboards;
			sourceTree = "<group>";
		};
		2FEC9C891EC9C2F600324AE1 /* Models */ = {
			isa = PBXGroup;
			children = (
				2FEC9C8A1EC9C30A00324AE1 /* PaymentModel */,
			);
			name = Models;
			sourceTree = "<group>";
		};
		2FEC9C8A1EC9C30A00324AE1 /* PaymentModel */ = {
			isa = PBXGroup;
			children = (
				2FEC9C871EC9C2B300324AE1 /* PayPalViewModel.swift */,
				2FEC9C851EC9C2A800324AE1 /* PayPalModel.swift */,
			);
			name = PaymentModel;
			sourceTree = "<group>";
		};
		931173615AF3B4AB05B64803 /* Pods */ = {
			isa = PBXGroup;
			children = (
				2D9627E07E4FC512667784A6 /* Pods-SoTube.debug.xcconfig */,
				606381C2A33886FCBAE26F58 /* Pods-SoTube.release.xcconfig */,
				F2760E79BB7A2B6DC5E2F7B6 /* Pods-SoTubeTests.debug.xcconfig */,
				726495C053F085FDC806A67F /* Pods-SoTubeTests.release.xcconfig */,
				DCA2687859902B7E8525CD38 /* Pods-SoTubeUITests.debug.xcconfig */,
				BB40F82D7C5E0F469983EEB9 /* Pods-SoTubeUITests.release.xcconfig */,
			);
			name = Pods;
			sourceTree = "<group>";
		};
		A03E69931EC1BE5500F12FA9 /* Views */ = {
			isa = PBXGroup;
			children = (
				A03E690D1EC0F4E900F12FA9 /* MinimizedPlayer.xib */,
			);
			name = Views;
			sourceTree = "<group>";
		};
		A03E69A41EC1CC8A00F12FA9 /* Supporting Files */ = {
			isa = PBXGroup;
			children = (
				A09477C31EBCA03A00B62278 /* AppDelegate.swift */,
				A0ADCB791EBCA4C800C82CC9 /* GoogleService-Info.plist */,
				A09477CF1EBCA03A00B62278 /* Info.plist */,
			);
			name = "Supporting Files";
			sourceTree = "<group>";
		};
		A03E69A71EC1DCCF00F12FA9 /* Recourses */ = {
			isa = PBXGroup;
			children = (
				A09477CA1EBCA03A00B62278 /* Assets.xcassets */,
			);
			name = Recourses;
			sourceTree = "<group>";
		};
		A09477B71EBCA03A00B62278 = {
			isa = PBXGroup;
			children = (
				A09477C21EBCA03A00B62278 /* SoTube */,
				A09477D71EBCA03A00B62278 /* SoTubeTests */,
				A09477E21EBCA03A00B62278 /* SoTubeUITests */,
				A09477C11EBCA03A00B62278 /* Products */,
				931173615AF3B4AB05B64803 /* Pods */,
				AB9BC1CBB75D52922E20C4DB /* Frameworks */,
			);
			sourceTree = "<group>";
		};
		A09477C11EBCA03A00B62278 /* Products */ = {
			isa = PBXGroup;
			children = (
				A09477C01EBCA03A00B62278 /* SoTube.app */,
				A09477D41EBCA03A00B62278 /* SoTubeTests.xctest */,
				A09477DF1EBCA03A00B62278 /* SoTubeUITests.xctest */,
			);
			name = Products;
			sourceTree = "<group>";
		};
		A09477C21EBCA03A00B62278 /* SoTube */ = {
			isa = PBXGroup;
			children = (
				2F0F66D91EC1CC320019034F /* Storyboards */,
				2F0F66301EC0781B0019034F /* Controllers */,
				A03E69931EC1BE5500F12FA9 /* Views */,
				A0ADCB811EC07C6A00C82CC9 /* Extensions */,
				A03E69A71EC1DCCF00F12FA9 /* Recourses */,
				A03E69A41EC1CC8A00F12FA9 /* Supporting Files */,
			);
			path = SoTube;
			sourceTree = "<group>";
		};
		A09477D71EBCA03A00B62278 /* SoTubeTests */ = {
			isa = PBXGroup;
			children = (
				A09477D81EBCA03A00B62278 /* SoTubeTests.swift */,
				A09477DA1EBCA03A00B62278 /* Info.plist */,
			);
			path = SoTubeTests;
			sourceTree = "<group>";
		};
		A09477E21EBCA03A00B62278 /* SoTubeUITests */ = {
			isa = PBXGroup;
			children = (
				A09477E31EBCA03A00B62278 /* SoTubeUITests.swift */,
				A09477E51EBCA03A00B62278 /* Info.plist */,
			);
			path = SoTubeUITests;
			sourceTree = "<group>";
		};
		A0ADCB811EC07C6A00C82CC9 /* Extensions */ = {
			isa = PBXGroup;
			children = (
				A0ADCB7F1EC07C6400C82CC9 /* UIViewExtensions.swift */,
			);
			name = Extensions;
			sourceTree = "<group>";
		};
		AB9BC1CBB75D52922E20C4DB /* Frameworks */ = {
			isa = PBXGroup;
			children = (
				D5F8546CAA6D03E6D68520FE /* Pods_SoTube.framework */,
				F8D9CD8FE75D5C7CEE073FF5 /* Pods_SoTubeTests.framework */,
				CE00E31D6BDA723D74E74335 /* Pods_SoTubeUITests.framework */,
			);
			name = Frameworks;
			sourceTree = "<group>";
		};
/* End PBXGroup section */

/* Begin PBXNativeTarget section */
		A09477BF1EBCA03A00B62278 /* SoTube */ = {
			isa = PBXNativeTarget;
			buildConfigurationList = A09477E81EBCA03A00B62278 /* Build configuration list for PBXNativeTarget "SoTube" */;
			buildPhases = (
				1EADC27297583C8F137B8408 /* [CP] Check Pods Manifest.lock */,
				A09477BC1EBCA03A00B62278 /* Sources */,
				A09477BD1EBCA03A00B62278 /* Frameworks */,
				A09477BE1EBCA03A00B62278 /* Resources */,
				B82591A2439AB42962E6C193 /* [CP] Embed Pods Frameworks */,
				30AD47E805369DD9252C0431 /* [CP] Copy Pods Resources */,
			);
			buildRules = (
			);
			dependencies = (
			);
			name = SoTube;
			productName = SoTube;
			productReference = A09477C01EBCA03A00B62278 /* SoTube.app */;
			productType = "com.apple.product-type.application";
		};
		A09477D31EBCA03A00B62278 /* SoTubeTests */ = {
			isa = PBXNativeTarget;
			buildConfigurationList = A09477EB1EBCA03A00B62278 /* Build configuration list for PBXNativeTarget "SoTubeTests" */;
			buildPhases = (
				540446BC0E50E3E65D1F1473 /* [CP] Check Pods Manifest.lock */,
				A09477D01EBCA03A00B62278 /* Sources */,
				A09477D11EBCA03A00B62278 /* Frameworks */,
				A09477D21EBCA03A00B62278 /* Resources */,
				2B32DA3241299F3AD0A00760 /* [CP] Embed Pods Frameworks */,
				E40944FCBB14C354612AB73E /* [CP] Copy Pods Resources */,
			);
			buildRules = (
			);
			dependencies = (
				A09477D61EBCA03A00B62278 /* PBXTargetDependency */,
			);
			name = SoTubeTests;
			productName = SoTubeTests;
			productReference = A09477D41EBCA03A00B62278 /* SoTubeTests.xctest */;
			productType = "com.apple.product-type.bundle.unit-test";
		};
		A09477DE1EBCA03A00B62278 /* SoTubeUITests */ = {
			isa = PBXNativeTarget;
			buildConfigurationList = A09477EE1EBCA03A00B62278 /* Build configuration list for PBXNativeTarget "SoTubeUITests" */;
			buildPhases = (
				271074A2E622C3B2AEEA4025 /* [CP] Check Pods Manifest.lock */,
				A09477DB1EBCA03A00B62278 /* Sources */,
				A09477DC1EBCA03A00B62278 /* Frameworks */,
				A09477DD1EBCA03A00B62278 /* Resources */,
				9894284FC3D9BDD0EC79178C /* [CP] Embed Pods Frameworks */,
				8637F478F2C2F458F7BE67CA /* [CP] Copy Pods Resources */,
			);
			buildRules = (
			);
			dependencies = (
				A09477E11EBCA03A00B62278 /* PBXTargetDependency */,
			);
			name = SoTubeUITests;
			productName = SoTubeUITests;
			productReference = A09477DF1EBCA03A00B62278 /* SoTubeUITests.xctest */;
			productType = "com.apple.product-type.bundle.ui-testing";
		};
/* End PBXNativeTarget section */

/* Begin PBXProject section */
		A09477B81EBCA03A00B62278 /* Project object */ = {
			isa = PBXProject;
			attributes = {
				LastSwiftUpdateCheck = 0820;
				LastUpgradeCheck = 0820;
				ORGANIZATIONNAME = "NV Met Talent";
				TargetAttributes = {
					A09477BF1EBCA03A00B62278 = {
						CreatedOnToolsVersion = 8.2.1;
						LastSwiftMigration = 0820;
						ProvisioningStyle = Automatic;
					};
					A09477D31EBCA03A00B62278 = {
						CreatedOnToolsVersion = 8.2.1;
						ProvisioningStyle = Automatic;
						TestTargetID = A09477BF1EBCA03A00B62278;
					};
					A09477DE1EBCA03A00B62278 = {
						CreatedOnToolsVersion = 8.2.1;
						ProvisioningStyle = Automatic;
						TestTargetID = A09477BF1EBCA03A00B62278;
					};
				};
			};
			buildConfigurationList = A09477BB1EBCA03A00B62278 /* Build configuration list for PBXProject "SoTube" */;
			compatibilityVersion = "Xcode 3.2";
			developmentRegion = English;
			hasScannedForEncodings = 0;
			knownRegions = (
				en,
				Base,
			);
			mainGroup = A09477B71EBCA03A00B62278;
			productRefGroup = A09477C11EBCA03A00B62278 /* Products */;
			projectDirPath = "";
			projectRoot = "";
			targets = (
				A09477BF1EBCA03A00B62278 /* SoTube */,
				A09477D31EBCA03A00B62278 /* SoTubeTests */,
				A09477DE1EBCA03A00B62278 /* SoTubeUITests */,
			);
		};
/* End PBXProject section */

/* Begin PBXResourcesBuildPhase section */
		A09477BE1EBCA03A00B62278 /* Resources */ = {
			isa = PBXResourcesBuildPhase;
			buildActionMask = 2147483647;
			files = (
				2FEC9C8E1EC9C36B00324AE1 /* Payment.storyboard in Resources */,
				2F7029941EC31ACC002B8395 /* Album.storyboard in Resources */,
				A09477CE1EBCA03A00B62278 /* LaunchScreen.storyboard in Resources */,
				A0ADCB7A1EBCA4C800C82CC9 /* GoogleService-Info.plist in Resources */,
				A09477CB1EBCA03A00B62278 /* Assets.xcassets in Resources */,
				A03E690E1EC0F4E900F12FA9 /* MinimizedPlayer.xib in Resources */,
				A09477C91EBCA03A00B62278 /* Main.storyboard in Resources */,
				2F0F66DE1EC1CE3F0019034F /* MusicViews.storyboard in Resources */,
				A03E699A1EC1C41A00F12FA9 /* MyMusic.storyboard in Resources */,
			);
			runOnlyForDeploymentPostprocessing = 0;
		};
		A09477D21EBCA03A00B62278 /* Resources */ = {
			isa = PBXResourcesBuildPhase;
			buildActionMask = 2147483647;
			files = (
			);
			runOnlyForDeploymentPostprocessing = 0;
		};
		A09477DD1EBCA03A00B62278 /* Resources */ = {
			isa = PBXResourcesBuildPhase;
			buildActionMask = 2147483647;
			files = (
			);
			runOnlyForDeploymentPostprocessing = 0;
		};
/* End PBXResourcesBuildPhase section */

/* Begin PBXShellScriptBuildPhase section */
		1EADC27297583C8F137B8408 /* [CP] Check Pods Manifest.lock */ = {
			isa = PBXShellScriptBuildPhase;
			buildActionMask = 2147483647;
			files = (
			);
			inputPaths = (
			);
			name = "[CP] Check Pods Manifest.lock";
			outputPaths = (
			);
			runOnlyForDeploymentPostprocessing = 0;
			shellPath = /bin/sh;
			shellScript = "diff \"${PODS_PODFILE_DIR_PATH}/Podfile.lock\" \"${PODS_ROOT}/Manifest.lock\" > /dev/null\nif [ $? != 0 ] ; then\n    # print error to STDERR\n    echo \"error: The sandbox is not in sync with the Podfile.lock. Run 'pod install' or update your CocoaPods installation.\" >&2\n    exit 1\nfi\n";
			showEnvVarsInLog = 0;
		};
		271074A2E622C3B2AEEA4025 /* [CP] Check Pods Manifest.lock */ = {
			isa = PBXShellScriptBuildPhase;
			buildActionMask = 2147483647;
			files = (
			);
			inputPaths = (
			);
			name = "[CP] Check Pods Manifest.lock";
			outputPaths = (
			);
			runOnlyForDeploymentPostprocessing = 0;
			shellPath = /bin/sh;
			shellScript = "diff \"${PODS_PODFILE_DIR_PATH}/Podfile.lock\" \"${PODS_ROOT}/Manifest.lock\" > /dev/null\nif [ $? != 0 ] ; then\n    # print error to STDERR\n    echo \"error: The sandbox is not in sync with the Podfile.lock. Run 'pod install' or update your CocoaPods installation.\" >&2\n    exit 1\nfi\n";
			showEnvVarsInLog = 0;
		};
		2B32DA3241299F3AD0A00760 /* [CP] Embed Pods Frameworks */ = {
			isa = PBXShellScriptBuildPhase;
			buildActionMask = 2147483647;
			files = (
			);
			inputPaths = (
			);
			name = "[CP] Embed Pods Frameworks";
			outputPaths = (
			);
			runOnlyForDeploymentPostprocessing = 0;
			shellPath = /bin/sh;
			shellScript = "\"${SRCROOT}/Pods/Target Support Files/Pods-SoTubeTests/Pods-SoTubeTests-frameworks.sh\"\n";
			showEnvVarsInLog = 0;
		};
		30AD47E805369DD9252C0431 /* [CP] Copy Pods Resources */ = {
			isa = PBXShellScriptBuildPhase;
			buildActionMask = 2147483647;
			files = (
			);
			inputPaths = (
			);
			name = "[CP] Copy Pods Resources";
			outputPaths = (
			);
			runOnlyForDeploymentPostprocessing = 0;
			shellPath = /bin/sh;
			shellScript = "\"${SRCROOT}/Pods/Target Support Files/Pods-SoTube/Pods-SoTube-resources.sh\"\n";
			showEnvVarsInLog = 0;
		};
		540446BC0E50E3E65D1F1473 /* [CP] Check Pods Manifest.lock */ = {
			isa = PBXShellScriptBuildPhase;
			buildActionMask = 2147483647;
			files = (
			);
			inputPaths = (
			);
			name = "[CP] Check Pods Manifest.lock";
			outputPaths = (
			);
			runOnlyForDeploymentPostprocessing = 0;
			shellPath = /bin/sh;
			shellScript = "diff \"${PODS_PODFILE_DIR_PATH}/Podfile.lock\" \"${PODS_ROOT}/Manifest.lock\" > /dev/null\nif [ $? != 0 ] ; then\n    # print error to STDERR\n    echo \"error: The sandbox is not in sync with the Podfile.lock. Run 'pod install' or update your CocoaPods installation.\" >&2\n    exit 1\nfi\n";
			showEnvVarsInLog = 0;
		};
		8637F478F2C2F458F7BE67CA /* [CP] Copy Pods Resources */ = {
			isa = PBXShellScriptBuildPhase;
			buildActionMask = 2147483647;
			files = (
			);
			inputPaths = (
			);
			name = "[CP] Copy Pods Resources";
			outputPaths = (
			);
			runOnlyForDeploymentPostprocessing = 0;
			shellPath = /bin/sh;
			shellScript = "\"${SRCROOT}/Pods/Target Support Files/Pods-SoTubeUITests/Pods-SoTubeUITests-resources.sh\"\n";
			showEnvVarsInLog = 0;
		};
		9894284FC3D9BDD0EC79178C /* [CP] Embed Pods Frameworks */ = {
			isa = PBXShellScriptBuildPhase;
			buildActionMask = 2147483647;
			files = (
			);
			inputPaths = (
			);
			name = "[CP] Embed Pods Frameworks";
			outputPaths = (
			);
			runOnlyForDeploymentPostprocessing = 0;
			shellPath = /bin/sh;
			shellScript = "\"${SRCROOT}/Pods/Target Support Files/Pods-SoTubeUITests/Pods-SoTubeUITests-frameworks.sh\"\n";
			showEnvVarsInLog = 0;
		};
		B82591A2439AB42962E6C193 /* [CP] Embed Pods Frameworks */ = {
			isa = PBXShellScriptBuildPhase;
			buildActionMask = 2147483647;
			files = (
			);
			inputPaths = (
			);
			name = "[CP] Embed Pods Frameworks";
			outputPaths = (
			);
			runOnlyForDeploymentPostprocessing = 0;
			shellPath = /bin/sh;
			shellScript = "\"${SRCROOT}/Pods/Target Support Files/Pods-SoTube/Pods-SoTube-frameworks.sh\"\n";
			showEnvVarsInLog = 0;
		};
		E40944FCBB14C354612AB73E /* [CP] Copy Pods Resources */ = {
			isa = PBXShellScriptBuildPhase;
			buildActionMask = 2147483647;
			files = (
			);
			inputPaths = (
			);
			name = "[CP] Copy Pods Resources";
			outputPaths = (
			);
			runOnlyForDeploymentPostprocessing = 0;
			shellPath = /bin/sh;
			shellScript = "\"${SRCROOT}/Pods/Target Support Files/Pods-SoTubeTests/Pods-SoTubeTests-resources.sh\"\n";
			showEnvVarsInLog = 0;
		};
/* End PBXShellScriptBuildPhase section */

/* Begin PBXSourcesBuildPhase section */
		A09477BC1EBCA03A00B62278 /* Sources */ = {
			isa = PBXSourcesBuildPhase;
			buildActionMask = 2147483647;
			files = (
				2F0F662F1EC077FC0019034F /* CreateAccountViewController.swift in Sources */,
				2F0F66CC1EC1CA400019034F /* MusicCollectionViewCell.swift in Sources */,
				2F0F66D11EC1CA860019034F /* MusicCollectionViewController.swift in Sources */,
				2F0F662D1EC077E60019034F /* LogInViewController.swift in Sources */,
				2FEC9C861EC9C2A800324AE1 /* PayPalModel.swift in Sources */,
				2F0F66321EC079340019034F /* RecoverPasswordViewController.swift in Sources */,
				2F0F66D81EC1CBB30019034F /* MusicSplitViewController.swift in Sources */,
				2FEC9C901EC9C40800324AE1 /* PaymentViewController.swift in Sources */,
				A0ADCB801EC07C6400C82CC9 /* UIViewExtensions.swift in Sources */,
				A03E69911EC1BE2000F12FA9 /* MyMusicViewController.swift in Sources */,
				A09477C41EBCA03A00B62278 /* AppDelegate.swift in Sources */,
				2F0F66D41EC1CB1C0019034F /* MusicTableViewController.swift in Sources */,
				2F0F66E01EC1D8830019034F /* MusicTableViewCell.swift in Sources */,
				2FEC9C881EC9C2B300324AE1 /* PayPalViewModel.swift in Sources */,
			);
			runOnlyForDeploymentPostprocessing = 0;
		};
		A09477D01EBCA03A00B62278 /* Sources */ = {
			isa = PBXSourcesBuildPhase;
			buildActionMask = 2147483647;
			files = (
				A09477D91EBCA03A00B62278 /* SoTubeTests.swift in Sources */,
			);
			runOnlyForDeploymentPostprocessing = 0;
		};
		A09477DB1EBCA03A00B62278 /* Sources */ = {
			isa = PBXSourcesBuildPhase;
			buildActionMask = 2147483647;
			files = (
				A09477E41EBCA03A00B62278 /* SoTubeUITests.swift in Sources */,
			);
			runOnlyForDeploymentPostprocessing = 0;
		};
/* End PBXSourcesBuildPhase section */

/* Begin PBXTargetDependency section */
		A09477D61EBCA03A00B62278 /* PBXTargetDependency */ = {
			isa = PBXTargetDependency;
			target = A09477BF1EBCA03A00B62278 /* SoTube */;
			targetProxy = A09477D51EBCA03A00B62278 /* PBXContainerItemProxy */;
		};
		A09477E11EBCA03A00B62278 /* PBXTargetDependency */ = {
			isa = PBXTargetDependency;
			target = A09477BF1EBCA03A00B62278 /* SoTube */;
			targetProxy = A09477E01EBCA03A00B62278 /* PBXContainerItemProxy */;
		};
/* End PBXTargetDependency section */

/* Begin PBXVariantGroup section */
		A09477C71EBCA03A00B62278 /* Main.storyboard */ = {
			isa = PBXVariantGroup;
			children = (
				A09477C81EBCA03A00B62278 /* Base */,
			);
			name = Main.storyboard;
			sourceTree = "<group>";
		};
		A09477CC1EBCA03A00B62278 /* LaunchScreen.storyboard */ = {
			isa = PBXVariantGroup;
			children = (
				A09477CD1EBCA03A00B62278 /* Base */,
			);
			name = LaunchScreen.storyboard;
			sourceTree = "<group>";
		};
/* End PBXVariantGroup section */

/* Begin XCBuildConfiguration section */
		A09477E61EBCA03A00B62278 /* Debug */ = {
			isa = XCBuildConfiguration;
			buildSettings = {
				ALWAYS_SEARCH_USER_PATHS = NO;
				CLANG_ANALYZER_NONNULL = YES;
				CLANG_CXX_LANGUAGE_STANDARD = "gnu++0x";
				CLANG_CXX_LIBRARY = "libc++";
				CLANG_ENABLE_MODULES = YES;
				CLANG_ENABLE_OBJC_ARC = YES;
				CLANG_WARN_BOOL_CONVERSION = YES;
				CLANG_WARN_CONSTANT_CONVERSION = YES;
				CLANG_WARN_DIRECT_OBJC_ISA_USAGE = YES_ERROR;
				CLANG_WARN_DOCUMENTATION_COMMENTS = YES;
				CLANG_WARN_EMPTY_BODY = YES;
				CLANG_WARN_ENUM_CONVERSION = YES;
				CLANG_WARN_INFINITE_RECURSION = YES;
				CLANG_WARN_INT_CONVERSION = YES;
				CLANG_WARN_OBJC_ROOT_CLASS = YES_ERROR;
				CLANG_WARN_SUSPICIOUS_MOVE = YES;
				CLANG_WARN_UNREACHABLE_CODE = YES;
				CLANG_WARN__DUPLICATE_METHOD_MATCH = YES;
				"CODE_SIGN_IDENTITY[sdk=iphoneos*]" = "iPhone Developer";
				COPY_PHASE_STRIP = NO;
				DEBUG_INFORMATION_FORMAT = dwarf;
				ENABLE_STRICT_OBJC_MSGSEND = YES;
				ENABLE_TESTABILITY = YES;
				GCC_C_LANGUAGE_STANDARD = gnu99;
				GCC_DYNAMIC_NO_PIC = NO;
				GCC_NO_COMMON_BLOCKS = YES;
				GCC_OPTIMIZATION_LEVEL = 0;
				GCC_PREPROCESSOR_DEFINITIONS = (
					"DEBUG=1",
					"$(inherited)",
				);
				GCC_WARN_64_TO_32_BIT_CONVERSION = YES;
				GCC_WARN_ABOUT_RETURN_TYPE = YES_ERROR;
				GCC_WARN_UNDECLARED_SELECTOR = YES;
				GCC_WARN_UNINITIALIZED_AUTOS = YES_AGGRESSIVE;
				GCC_WARN_UNUSED_FUNCTION = YES;
				GCC_WARN_UNUSED_VARIABLE = YES;
				IPHONEOS_DEPLOYMENT_TARGET = 10.2;
				MTL_ENABLE_DEBUG_INFO = YES;
				ONLY_ACTIVE_ARCH = YES;
				SDKROOT = iphoneos;
				SWIFT_ACTIVE_COMPILATION_CONDITIONS = DEBUG;
				SWIFT_OPTIMIZATION_LEVEL = "-Onone";
				TARGETED_DEVICE_FAMILY = "1,2";
			};
			name = Debug;
		};
		A09477E71EBCA03A00B62278 /* Release */ = {
			isa = XCBuildConfiguration;
			buildSettings = {
				ALWAYS_SEARCH_USER_PATHS = NO;
				CLANG_ANALYZER_NONNULL = YES;
				CLANG_CXX_LANGUAGE_STANDARD = "gnu++0x";
				CLANG_CXX_LIBRARY = "libc++";
				CLANG_ENABLE_MODULES = YES;
				CLANG_ENABLE_OBJC_ARC = YES;
				CLANG_WARN_BOOL_CONVERSION = YES;
				CLANG_WARN_CONSTANT_CONVERSION = YES;
				CLANG_WARN_DIRECT_OBJC_ISA_USAGE = YES_ERROR;
				CLANG_WARN_DOCUMENTATION_COMMENTS = YES;
				CLANG_WARN_EMPTY_BODY = YES;
				CLANG_WARN_ENUM_CONVERSION = YES;
				CLANG_WARN_INFINITE_RECURSION = YES;
				CLANG_WARN_INT_CONVERSION = YES;
				CLANG_WARN_OBJC_ROOT_CLASS = YES_ERROR;
				CLANG_WARN_SUSPICIOUS_MOVE = YES;
				CLANG_WARN_UNREACHABLE_CODE = YES;
				CLANG_WARN__DUPLICATE_METHOD_MATCH = YES;
				"CODE_SIGN_IDENTITY[sdk=iphoneos*]" = "iPhone Developer";
				COPY_PHASE_STRIP = NO;
				DEBUG_INFORMATION_FORMAT = "dwarf-with-dsym";
				ENABLE_NS_ASSERTIONS = NO;
				ENABLE_STRICT_OBJC_MSGSEND = YES;
				GCC_C_LANGUAGE_STANDARD = gnu99;
				GCC_NO_COMMON_BLOCKS = YES;
				GCC_WARN_64_TO_32_BIT_CONVERSION = YES;
				GCC_WARN_ABOUT_RETURN_TYPE = YES_ERROR;
				GCC_WARN_UNDECLARED_SELECTOR = YES;
				GCC_WARN_UNINITIALIZED_AUTOS = YES_AGGRESSIVE;
				GCC_WARN_UNUSED_FUNCTION = YES;
				GCC_WARN_UNUSED_VARIABLE = YES;
				IPHONEOS_DEPLOYMENT_TARGET = 10.2;
				MTL_ENABLE_DEBUG_INFO = NO;
				SDKROOT = iphoneos;
				SWIFT_OPTIMIZATION_LEVEL = "-Owholemodule";
				TARGETED_DEVICE_FAMILY = "1,2";
				VALIDATE_PRODUCT = YES;
			};
			name = Release;
		};
		A09477E91EBCA03A00B62278 /* Debug */ = {
			isa = XCBuildConfiguration;
			baseConfigurationReference = 2D9627E07E4FC512667784A6 /* Pods-SoTube.debug.xcconfig */;
			buildSettings = {
				ASSETCATALOG_COMPILER_APPICON_NAME = AppIcon;
				CLANG_ENABLE_MODULES = YES;
				DEVELOPMENT_TEAM = "";
				INFOPLIST_FILE = SoTube/Info.plist;
				LD_RUNPATH_SEARCH_PATHS = "$(inherited) @executable_path/Frameworks";
				PRODUCT_BUNDLE_IDENTIFIER = com.NVMetTalent.SoTube;
				PRODUCT_NAME = "$(TARGET_NAME)";
				SWIFT_OBJC_BRIDGING_HEADER = "SoTube/SoTube-Bridging-Header.h";
				SWIFT_OPTIMIZATION_LEVEL = "-Onone";
				SWIFT_VERSION = 3.0;
			};
			name = Debug;
		};
		A09477EA1EBCA03A00B62278 /* Release */ = {
			isa = XCBuildConfiguration;
			baseConfigurationReference = 606381C2A33886FCBAE26F58 /* Pods-SoTube.release.xcconfig */;
			buildSettings = {
				ASSETCATALOG_COMPILER_APPICON_NAME = AppIcon;
				CLANG_ENABLE_MODULES = YES;
				DEVELOPMENT_TEAM = "";
				INFOPLIST_FILE = SoTube/Info.plist;
				LD_RUNPATH_SEARCH_PATHS = "$(inherited) @executable_path/Frameworks";
				PRODUCT_BUNDLE_IDENTIFIER = com.NVMetTalent.SoTube;
				PRODUCT_NAME = "$(TARGET_NAME)";
				SWIFT_OBJC_BRIDGING_HEADER = "SoTube/SoTube-Bridging-Header.h";
				SWIFT_VERSION = 3.0;
			};
			name = Release;
		};
		A09477EC1EBCA03A00B62278 /* Debug */ = {
			isa = XCBuildConfiguration;
			baseConfigurationReference = F2760E79BB7A2B6DC5E2F7B6 /* Pods-SoTubeTests.debug.xcconfig */;
			buildSettings = {
				ALWAYS_EMBED_SWIFT_STANDARD_LIBRARIES = YES;
				BUNDLE_LOADER = "$(TEST_HOST)";
				INFOPLIST_FILE = SoTubeTests/Info.plist;
				LD_RUNPATH_SEARCH_PATHS = "$(inherited) @executable_path/Frameworks @loader_path/Frameworks";
				PRODUCT_BUNDLE_IDENTIFIER = com.NVMetTalent.SoTubeTests;
				PRODUCT_NAME = "$(TARGET_NAME)";
				SWIFT_VERSION = 3.0;
				TEST_HOST = "$(BUILT_PRODUCTS_DIR)/SoTube.app/SoTube";
			};
			name = Debug;
		};
		A09477ED1EBCA03A00B62278 /* Release */ = {
			isa = XCBuildConfiguration;
			baseConfigurationReference = 726495C053F085FDC806A67F /* Pods-SoTubeTests.release.xcconfig */;
			buildSettings = {
				ALWAYS_EMBED_SWIFT_STANDARD_LIBRARIES = YES;
				BUNDLE_LOADER = "$(TEST_HOST)";
				INFOPLIST_FILE = SoTubeTests/Info.plist;
				LD_RUNPATH_SEARCH_PATHS = "$(inherited) @executable_path/Frameworks @loader_path/Frameworks";
				PRODUCT_BUNDLE_IDENTIFIER = com.NVMetTalent.SoTubeTests;
				PRODUCT_NAME = "$(TARGET_NAME)";
				SWIFT_VERSION = 3.0;
				TEST_HOST = "$(BUILT_PRODUCTS_DIR)/SoTube.app/SoTube";
			};
			name = Release;
		};
		A09477EF1EBCA03A00B62278 /* Debug */ = {
			isa = XCBuildConfiguration;
			baseConfigurationReference = DCA2687859902B7E8525CD38 /* Pods-SoTubeUITests.debug.xcconfig */;
			buildSettings = {
				ALWAYS_EMBED_SWIFT_STANDARD_LIBRARIES = YES;
				INFOPLIST_FILE = SoTubeUITests/Info.plist;
				LD_RUNPATH_SEARCH_PATHS = "$(inherited) @executable_path/Frameworks @loader_path/Frameworks";
				PRODUCT_BUNDLE_IDENTIFIER = com.NVMetTalent.SoTubeUITests;
				PRODUCT_NAME = "$(TARGET_NAME)";
				SWIFT_VERSION = 3.0;
				TEST_TARGET_NAME = SoTube;
			};
			name = Debug;
		};
		A09477F01EBCA03A00B62278 /* Release */ = {
			isa = XCBuildConfiguration;
			baseConfigurationReference = BB40F82D7C5E0F469983EEB9 /* Pods-SoTubeUITests.release.xcconfig */;
			buildSettings = {
				ALWAYS_EMBED_SWIFT_STANDARD_LIBRARIES = YES;
				INFOPLIST_FILE = SoTubeUITests/Info.plist;
				LD_RUNPATH_SEARCH_PATHS = "$(inherited) @executable_path/Frameworks @loader_path/Frameworks";
				PRODUCT_BUNDLE_IDENTIFIER = com.NVMetTalent.SoTubeUITests;
				PRODUCT_NAME = "$(TARGET_NAME)";
				SWIFT_VERSION = 3.0;
				TEST_TARGET_NAME = SoTube;
			};
			name = Release;
		};
/* End XCBuildConfiguration section */

/* Begin XCConfigurationList section */
		A09477BB1EBCA03A00B62278 /* Build configuration list for PBXProject "SoTube" */ = {
			isa = XCConfigurationList;
			buildConfigurations = (
				A09477E61EBCA03A00B62278 /* Debug */,
				A09477E71EBCA03A00B62278 /* Release */,
			);
			defaultConfigurationIsVisible = 0;
			defaultConfigurationName = Release;
		};
		A09477E81EBCA03A00B62278 /* Build configuration list for PBXNativeTarget "SoTube" */ = {
			isa = XCConfigurationList;
			buildConfigurations = (
				A09477E91EBCA03A00B62278 /* Debug */,
				A09477EA1EBCA03A00B62278 /* Release */,
			);
			defaultConfigurationIsVisible = 0;
			defaultConfigurationName = Release;
		};
		A09477EB1EBCA03A00B62278 /* Build configuration list for PBXNativeTarget "SoTubeTests" */ = {
			isa = XCConfigurationList;
			buildConfigurations = (
				A09477EC1EBCA03A00B62278 /* Debug */,
				A09477ED1EBCA03A00B62278 /* Release */,
			);
			defaultConfigurationIsVisible = 0;
			defaultConfigurationName = Release;
		};
		A09477EE1EBCA03A00B62278 /* Build configuration list for PBXNativeTarget "SoTubeUITests" */ = {
			isa = XCConfigurationList;
			buildConfigurations = (
				A09477EF1EBCA03A00B62278 /* Debug */,
				A09477F01EBCA03A00B62278 /* Release */,
			);
			defaultConfigurationIsVisible = 0;
			defaultConfigurationName = Release;
		};
/* End XCConfigurationList section */
	};
	rootObject = A09477B81EBCA03A00B62278 /* Project object */;
}
