// !$*UTF8*$!
{
	archiveVersion = 1;
	classes = {
	};
	objectVersion = 46;
	objects = {

/* Begin PBXBuildFile section */
		22AEF9D662FE869E806435F1 /* Pods_SoTubeUITests.framework in Frameworks */ = {isa = PBXBuildFile; fileRef = CE00E31D6BDA723D74E74335 /* Pods_SoTubeUITests.framework */; };
		2F0F662D1EC077E60019034F /* LogInViewController.swift in Sources */ = {isa = PBXBuildFile; fileRef = 2F0F662C1EC077E60019034F /* LogInViewController.swift */; };
		2F0F662F1EC077FC0019034F /* CreateAccountViewController.swift in Sources */ = {isa = PBXBuildFile; fileRef = 2F0F662E1EC077FC0019034F /* CreateAccountViewController.swift */; };
		2F0F66CC1EC1CA400019034F /* AlbumCollectionViewCell.swift in Sources */ = {isa = PBXBuildFile; fileRef = 2F0F66CA1EC1CA400019034F /* AlbumCollectionViewCell.swift */; };
		2F0F66D11EC1CA860019034F /* AlbumsCollectionViewController.swift in Sources */ = {isa = PBXBuildFile; fileRef = 2F0F66D01EC1CA860019034F /* AlbumsCollectionViewController.swift */; };
		2F0F66D41EC1CB1C0019034F /* TracksTableViewController.swift in Sources */ = {isa = PBXBuildFile; fileRef = 2F0F66D31EC1CB1C0019034F /* TracksTableViewController.swift */; };
		2F0F66D81EC1CBB30019034F /* MusicSplitViewController.swift in Sources */ = {isa = PBXBuildFile; fileRef = 2F0F66D71EC1CBB30019034F /* MusicSplitViewController.swift */; };
		2F0F66DE1EC1CE3F0019034F /* MusicViews.storyboard in Resources */ = {isa = PBXBuildFile; fileRef = 2F0F66DD1EC1CE3F0019034F /* MusicViews.storyboard */; };
		2F0F66E01EC1D8830019034F /* TrackTableViewCell.swift in Sources */ = {isa = PBXBuildFile; fileRef = 2F0F66DF1EC1D8830019034F /* TrackTableViewCell.swift */; };
		2F373A621EDC454100433818 /* SearchViewController.swift in Sources */ = {isa = PBXBuildFile; fileRef = 2F373A611EDC454100433818 /* SearchViewController.swift */; };
		2F5283691ED2E4A60034BB17 /* SpotifyAudioPlayback.framework in Frameworks */ = {isa = PBXBuildFile; fileRef = 2F5283661ED2E4A60034BB17 /* SpotifyAudioPlayback.framework */; };
		2F52836A1ED2E4A60034BB17 /* SpotifyAuthentication.framework in Frameworks */ = {isa = PBXBuildFile; fileRef = 2F5283671ED2E4A60034BB17 /* SpotifyAuthentication.framework */; };
		2F52836B1ED2E4A60034BB17 /* SpotifyMetadata.framework in Frameworks */ = {isa = PBXBuildFile; fileRef = 2F5283681ED2E4A60034BB17 /* SpotifyMetadata.framework */; };
		2F52836D1ED2E4DD0034BB17 /* SPTPlayerModel.swift in Sources */ = {isa = PBXBuildFile; fileRef = 2F52836C1ED2E4DD0034BB17 /* SPTPlayerModel.swift */; };
		2F52836F1ED300B30034BB17 /* SpotifyModel.swift in Sources */ = {isa = PBXBuildFile; fileRef = 2F52836E1ED300B30034BB17 /* SpotifyModel.swift */; };
		2F7029941EC31ACC002B8395 /* Album.storyboard in Resources */ = {isa = PBXBuildFile; fileRef = 2F7029931EC31ACC002B8395 /* Album.storyboard */; };
		2F7120091ED563C100DD96FA /* Track.swift in Sources */ = {isa = PBXBuildFile; fileRef = 2F7120081ED563C100DD96FA /* Track.swift */; };
		2F804E701ED433DB00E6A7B4 /* Album.swift in Sources */ = {isa = PBXBuildFile; fileRef = 2F804E6F1ED433DB00E6A7B4 /* Album.swift */; };
		2F804E721ED433F500E6A7B4 /* Playlist.swift in Sources */ = {isa = PBXBuildFile; fileRef = 2F804E711ED433F500E6A7B4 /* Playlist.swift */; };
		2F804E741ED4340400E6A7B4 /* Category.swift in Sources */ = {isa = PBXBuildFile; fileRef = 2F804E731ED4340400E6A7B4 /* Category.swift */; };
		2FC986B01ECAD76000B037CE /* AccountViewController.swift in Sources */ = {isa = PBXBuildFile; fileRef = 2FC986AF1ECAD76000B037CE /* AccountViewController.swift */; };
		2FC986B61ECAE1DB00B037CE /* PaymentCollectionViewCell.swift in Sources */ = {isa = PBXBuildFile; fileRef = 2FC986B51ECAE1DB00B037CE /* PaymentCollectionViewCell.swift */; };
		2FC986B81ECAE82A00B037CE /* Account.storyboard in Resources */ = {isa = PBXBuildFile; fileRef = 2FC986B71ECAE82A00B037CE /* Account.storyboard */; };
		2FC986BA1ECB025E00B037CE /* PurchaseHistoryViewController.swift in Sources */ = {isa = PBXBuildFile; fileRef = 2FC986B91ECB025E00B037CE /* PurchaseHistoryViewController.swift */; };
		2FC986BC1ECB16F700B037CE /* PurchaseHistoryTableViewCell.swift in Sources */ = {isa = PBXBuildFile; fileRef = 2FC986BB1ECB16F700B037CE /* PurchaseHistoryTableViewCell.swift */; };
		2FCDF2871ECC80D000095FF4 /* AVPlayerModel.swift in Sources */ = {isa = PBXBuildFile; fileRef = 2FCDF2861ECC80D000095FF4 /* AVPlayerModel.swift */; };
		2FEC9C901EC9C40800324AE1 /* PaymentProtocolExtension.swift in Sources */ = {isa = PBXBuildFile; fileRef = 2FEC9C8F1EC9C40800324AE1 /* PaymentProtocolExtension.swift */; };
		486AD1AADA1121E7657201DB /* Pods_SoTubeTests.framework in Frameworks */ = {isa = PBXBuildFile; fileRef = F8D9CD8FE75D5C7CEE073FF5 /* Pods_SoTubeTests.framework */; };
		A03227E21ECAF7060041197B /* MinimizedPlayer.swift in Sources */ = {isa = PBXBuildFile; fileRef = A03227E11ECAF7060041197B /* MinimizedPlayer.swift */; };
		A03E690E1EC0F4E900F12FA9 /* MinimizedPlayer.xib in Resources */ = {isa = PBXBuildFile; fileRef = A03E690D1EC0F4E900F12FA9 /* MinimizedPlayer.xib */; };
		A03E69911EC1BE2000F12FA9 /* MyMusicTabBarViewController.swift in Sources */ = {isa = PBXBuildFile; fileRef = A03E69901EC1BE2000F12FA9 /* MyMusicTabBarViewController.swift */; };
		A0429A5A1ED5450C0088F71F /* CoinPurchase.swift in Sources */ = {isa = PBXBuildFile; fileRef = A0429A591ED5450C0088F71F /* CoinPurchase.swift */; };
		A0429A5E1ED5C8A70088F71F /* UIImageViewLoadFromUrl.swift in Sources */ = {isa = PBXBuildFile; fileRef = A0429A5D1ED5C8A70088F71F /* UIImageViewLoadFromUrl.swift */; };
		A0429A621ED5E0660088F71F /* AlbumViewController.swift in Sources */ = {isa = PBXBuildFile; fileRef = A0429A611ED5E0650088F71F /* AlbumViewController.swift */; };
		A057302B1ED2D383008EC7B0 /* ChangeUsernameViewController.xib in Resources */ = {isa = PBXBuildFile; fileRef = A057302A1ED2D383008EC7B0 /* ChangeUsernameViewController.xib */; };
		A057302D1ED2D54E008EC7B0 /* ChangeUsernameViewController.swift in Sources */ = {isa = PBXBuildFile; fileRef = A057302C1ED2D54E008EC7B0 /* ChangeUsernameViewController.swift */; };
		A057302F1ED2E546008EC7B0 /* CustomAlertViewTransitioner.swift in Sources */ = {isa = PBXBuildFile; fileRef = A057302E1ED2E546008EC7B0 /* CustomAlertViewTransitioner.swift */; };
		A05730391ED2F9C8008EC7B0 /* Profile.swift in Sources */ = {isa = PBXBuildFile; fileRef = A05730381ED2F9C8008EC7B0 /* Profile.swift */; };
		A057303B1ED33046008EC7B0 /* ChangePasswordViewController.xib in Resources */ = {isa = PBXBuildFile; fileRef = A057303A1ED33046008EC7B0 /* ChangePasswordViewController.xib */; };
		A057303D1ED33088008EC7B0 /* ChangePasswordViewController.swift in Sources */ = {isa = PBXBuildFile; fileRef = A057303C1ED33088008EC7B0 /* ChangePasswordViewController.swift */; };
		A057303F1ED332D3008EC7B0 /* UIViewBorderLeftTopRightBottom.swift in Sources */ = {isa = PBXBuildFile; fileRef = A057303E1ED332D3008EC7B0 /* UIViewBorderLeftTopRightBottom.swift */; };
		A05730411ED385F5008EC7B0 /* userInfoDelegate.swift in Sources */ = {isa = PBXBuildFile; fileRef = A05730401ED385F5008EC7B0 /* userInfoDelegate.swift */; };
		A05F929B1EC48B4D00F62432 /* TabBarViewController.swift in Sources */ = {isa = PBXBuildFile; fileRef = A05F929A1EC48B4D00F62432 /* TabBarViewController.swift */; };
		A05F92A11EC4ADCD00F62432 /* MusicPlayer.storyboard in Resources */ = {isa = PBXBuildFile; fileRef = A05F929F1EC4ADCD00F62432 /* MusicPlayer.storyboard */; };
		A05F92A31EC4AEF600F62432 /* MusicSplitViewDetailViewController.swift in Sources */ = {isa = PBXBuildFile; fileRef = A05F92A21EC4AEF600F62432 /* MusicSplitViewDetailViewController.swift */; };
		A05F92A51EC4AF2400F62432 /* MusicSplitViewMasterViewController.swift in Sources */ = {isa = PBXBuildFile; fileRef = A05F92A41EC4AF2400F62432 /* MusicSplitViewMasterViewController.swift */; };
		A05F92A71EC4B42800F62432 /* MusicSplitViewMasterTableViewCell.swift in Sources */ = {isa = PBXBuildFile; fileRef = A05F92A61EC4B42800F62432 /* MusicSplitViewMasterTableViewCell.swift */; };
		A05F92A91EC58E9A00F62432 /* MusicPlayerViewController.swift in Sources */ = {isa = PBXBuildFile; fileRef = A05F92A81EC58E9A00F62432 /* MusicPlayerViewController.swift */; };
		A06BE0C11ED9E68800767F91 /* Artist.swift in Sources */ = {isa = PBXBuildFile; fileRef = A06BE0C01ED9E68800767F91 /* Artist.swift */; };
		A07775CF1ED86A8200E09D76 /* StaticAlbumTableViewCell.swift in Sources */ = {isa = PBXBuildFile; fileRef = A07775CE1ED86A8200E09D76 /* StaticAlbumTableViewCell.swift */; };
		A09477C41EBCA03A00B62278 /* AppDelegate.swift in Sources */ = {isa = PBXBuildFile; fileRef = A09477C31EBCA03A00B62278 /* AppDelegate.swift */; };
		A09477C91EBCA03A00B62278 /* Main.storyboard in Resources */ = {isa = PBXBuildFile; fileRef = A09477C71EBCA03A00B62278 /* Main.storyboard */; };
		A09477CB1EBCA03A00B62278 /* Assets.xcassets in Resources */ = {isa = PBXBuildFile; fileRef = A09477CA1EBCA03A00B62278 /* Assets.xcassets */; };
		A09477CE1EBCA03A00B62278 /* LaunchScreen.storyboard in Resources */ = {isa = PBXBuildFile; fileRef = A09477CC1EBCA03A00B62278 /* LaunchScreen.storyboard */; };
		A09477D91EBCA03A00B62278 /* SoTubeTests.swift in Sources */ = {isa = PBXBuildFile; fileRef = A09477D81EBCA03A00B62278 /* SoTubeTests.swift */; };
		A09477E41EBCA03A00B62278 /* SoTubeUITests.swift in Sources */ = {isa = PBXBuildFile; fileRef = A09477E31EBCA03A00B62278 /* SoTubeUITests.swift */; };
		A0A29F5A1ECC2B1000E06D95 /* AVAudioPlayerModel.swift in Sources */ = {isa = PBXBuildFile; fileRef = A0A29F591ECC2B1000E06D95 /* AVAudioPlayerModel.swift */; };
		A0A29F5C1ECC2B1E00E06D95 /* MusicPlayer.swift in Sources */ = {isa = PBXBuildFile; fileRef = A0A29F5B1ECC2B1E00E06D95 /* MusicPlayer.swift */; };
		A0A29F5F1ECC2B5800E06D95 /* PayPalModel.swift in Sources */ = {isa = PBXBuildFile; fileRef = A0A29F5D1ECC2B5800E06D95 /* PayPalModel.swift */; };
		A0A29F601ECC2B5800E06D95 /* PaymentViewModel.swift in Sources */ = {isa = PBXBuildFile; fileRef = A0A29F5E1ECC2B5800E06D95 /* PaymentViewModel.swift */; };
		A0A29F681ECC2BA800E06D95 /* 0.mp3 in Resources */ = {isa = PBXBuildFile; fileRef = A0A29F611ECC2BA800E06D95 /* 0.mp3 */; };
		A0A29F691ECC2BA800E06D95 /* 1.mp3 in Resources */ = {isa = PBXBuildFile; fileRef = A0A29F621ECC2BA800E06D95 /* 1.mp3 */; };
		A0A29F6A1ECC2BA800E06D95 /* 2.mp3 in Resources */ = {isa = PBXBuildFile; fileRef = A0A29F631ECC2BA800E06D95 /* 2.mp3 */; };
		A0A29F6B1ECC2BA800E06D95 /* 3.mp3 in Resources */ = {isa = PBXBuildFile; fileRef = A0A29F641ECC2BA800E06D95 /* 3.mp3 */; };
		A0A29F6C1ECC2BA800E06D95 /* 4.mp3 in Resources */ = {isa = PBXBuildFile; fileRef = A0A29F651ECC2BA800E06D95 /* 4.mp3 */; };
		A0A29F6D1ECC2BA800E06D95 /* 5.mp3 in Resources */ = {isa = PBXBuildFile; fileRef = A0A29F661ECC2BA800E06D95 /* 5.mp3 */; };
		A0A29F6E1ECC2BA800E06D95 /* 6.mp3 in Resources */ = {isa = PBXBuildFile; fileRef = A0A29F671ECC2BA800E06D95 /* 6.mp3 */; };
		A0A29F971ECD92CD00E06D95 /* FirebaseModel.swift in Sources */ = {isa = PBXBuildFile; fileRef = A0A29F961ECD92CD00E06D95 /* FirebaseModel.swift */; };
		A0A29F9A1ECDB8E800E06D95 /* DatabaseViewModel.swift in Sources */ = {isa = PBXBuildFile; fileRef = A0A29F991ECDB8E800E06D95 /* DatabaseViewModel.swift */; };
		A0A29F9D1ECDEAD100E06D95 /* Store.storyboard in Resources */ = {isa = PBXBuildFile; fileRef = A0A29F9C1ECDEAD100E06D95 /* Store.storyboard */; };
		A0A29F9F1ECDEF9A00E06D95 /* StoreOverviewViewController.swift in Sources */ = {isa = PBXBuildFile; fileRef = A0A29F9E1ECDEF9A00E06D95 /* StoreOverviewViewController.swift */; };
		A0A29FA11ECDEFB100E06D95 /* StoreDetailViewController.swift in Sources */ = {isa = PBXBuildFile; fileRef = A0A29FA01ECDEFB100E06D95 /* StoreDetailViewController.swift */; };
		A0A29FA31ECDF71E00E06D95 /* StoreCollectionViewCell.swift in Sources */ = {isa = PBXBuildFile; fileRef = A0A29FA21ECDF71E00E06D95 /* StoreCollectionViewCell.swift */; };
		A0A6D20E1EDAEE500036572B /* UIImageColors.swift in Sources */ = {isa = PBXBuildFile; fileRef = A0A6D20D1EDAEE500036572B /* UIImageColors.swift */; };
		A0ADCB7A1EBCA4C800C82CC9 /* GoogleService-Info.plist in Resources */ = {isa = PBXBuildFile; fileRef = A0ADCB791EBCA4C800C82CC9 /* GoogleService-Info.plist */; };
		A0ADCB801EC07C6400C82CC9 /* UIViewExtensions.swift in Sources */ = {isa = PBXBuildFile; fileRef = A0ADCB7F1EC07C6400C82CC9 /* UIViewExtensions.swift */; };
		A0D814D81EC970B90094DEC7 /* UIViewLoadingFromXib.swift in Sources */ = {isa = PBXBuildFile; fileRef = A0D814D71EC970B90094DEC7 /* UIViewLoadingFromXib.swift */; };
		A0DB26F51ED833320054C9A5 /* UIImageAverigeColor.swift in Sources */ = {isa = PBXBuildFile; fileRef = A0DB26F41ED833320054C9A5 /* UIImageAverigeColor.swift */; };
		A0DB26F71ED841560054C9A5 /* AlbumTrackTableViewCell.swift in Sources */ = {isa = PBXBuildFile; fileRef = A0DB26F61ED841560054C9A5 /* AlbumTrackTableViewCell.swift */; };
		AAD332C2D683670C2E3B77E5 /* Pods_SoTube.framework in Frameworks */ = {isa = PBXBuildFile; fileRef = D5F8546CAA6D03E6D68520FE /* Pods_SoTube.framework */; };
		E955702D1ED8AE1B00B6F432 /* StoreCategoryViewController.swift in Sources */ = {isa = PBXBuildFile; fileRef = E955702C1ED8AE1B00B6F432 /* StoreCategoryViewController.swift */; };
/* End PBXBuildFile section */

/* Begin PBXContainerItemProxy section */
		A09477D51EBCA03A00B62278 /* PBXContainerItemProxy */ = {
			isa = PBXContainerItemProxy;
			containerPortal = A09477B81EBCA03A00B62278 /* Project object */;
			proxyType = 1;
			remoteGlobalIDString = A09477BF1EBCA03A00B62278;
			remoteInfo = SoTube;
		};
		A09477E01EBCA03A00B62278 /* PBXContainerItemProxy */ = {
			isa = PBXContainerItemProxy;
			containerPortal = A09477B81EBCA03A00B62278 /* Project object */;
			proxyType = 1;
			remoteGlobalIDString = A09477BF1EBCA03A00B62278;
			remoteInfo = SoTube;
		};
/* End PBXContainerItemProxy section */

/* Begin PBXFileReference section */
		2D9627E07E4FC512667784A6 /* Pods-SoTube.debug.xcconfig */ = {isa = PBXFileReference; includeInIndex = 1; lastKnownFileType = text.xcconfig; name = "Pods-SoTube.debug.xcconfig"; path = "Pods/Target Support Files/Pods-SoTube/Pods-SoTube.debug.xcconfig"; sourceTree = "<group>"; };
		2F0F662C1EC077E60019034F /* LogInViewController.swift */ = {isa = PBXFileReference; fileEncoding = 4; lastKnownFileType = sourcecode.swift; name = LogInViewController.swift; path = Controllers/LogInViewController.swift; sourceTree = "<group>"; };
		2F0F662E1EC077FC0019034F /* CreateAccountViewController.swift */ = {isa = PBXFileReference; fileEncoding = 4; lastKnownFileType = sourcecode.swift; path = CreateAccountViewController.swift; sourceTree = "<group>"; };
		2F0F66CA1EC1CA400019034F /* AlbumCollectionViewCell.swift */ = {isa = PBXFileReference; fileEncoding = 4; lastKnownFileType = sourcecode.swift; path = AlbumCollectionViewCell.swift; sourceTree = "<group>"; };
		2F0F66D01EC1CA860019034F /* AlbumsCollectionViewController.swift */ = {isa = PBXFileReference; fileEncoding = 4; lastKnownFileType = sourcecode.swift; path = AlbumsCollectionViewController.swift; sourceTree = "<group>"; };
		2F0F66D31EC1CB1C0019034F /* TracksTableViewController.swift */ = {isa = PBXFileReference; fileEncoding = 4; lastKnownFileType = sourcecode.swift; path = TracksTableViewController.swift; sourceTree = "<group>"; };
		2F0F66D71EC1CBB30019034F /* MusicSplitViewController.swift */ = {isa = PBXFileReference; fileEncoding = 4; lastKnownFileType = sourcecode.swift; path = MusicSplitViewController.swift; sourceTree = "<group>"; };
		2F0F66DD1EC1CE3F0019034F /* MusicViews.storyboard */ = {isa = PBXFileReference; fileEncoding = 4; lastKnownFileType = file.storyboard; path = MusicViews.storyboard; sourceTree = "<group>"; };
		2F0F66DF1EC1D8830019034F /* TrackTableViewCell.swift */ = {isa = PBXFileReference; fileEncoding = 4; lastKnownFileType = sourcecode.swift; path = TrackTableViewCell.swift; sourceTree = "<group>"; };
		2F373A611EDC454100433818 /* SearchViewController.swift */ = {isa = PBXFileReference; fileEncoding = 4; lastKnownFileType = sourcecode.swift; path = SearchViewController.swift; sourceTree = "<group>"; };
		2F5283661ED2E4A60034BB17 /* SpotifyAudioPlayback.framework */ = {isa = PBXFileReference; lastKnownFileType = wrapper.framework; path = SpotifyAudioPlayback.framework; sourceTree = "<group>"; };
		2F5283671ED2E4A60034BB17 /* SpotifyAuthentication.framework */ = {isa = PBXFileReference; lastKnownFileType = wrapper.framework; path = SpotifyAuthentication.framework; sourceTree = "<group>"; };
		2F5283681ED2E4A60034BB17 /* SpotifyMetadata.framework */ = {isa = PBXFileReference; lastKnownFileType = wrapper.framework; path = SpotifyMetadata.framework; sourceTree = "<group>"; };
		2F52836C1ED2E4DD0034BB17 /* SPTPlayerModel.swift */ = {isa = PBXFileReference; fileEncoding = 4; lastKnownFileType = sourcecode.swift; path = SPTPlayerModel.swift; sourceTree = "<group>"; };
		2F52836E1ED300B30034BB17 /* SpotifyModel.swift */ = {isa = PBXFileReference; fileEncoding = 4; lastKnownFileType = sourcecode.swift; path = SpotifyModel.swift; sourceTree = "<group>"; };
		2F7029931EC31ACC002B8395 /* Album.storyboard */ = {isa = PBXFileReference; fileEncoding = 4; lastKnownFileType = file.storyboard; path = Album.storyboard; sourceTree = "<group>"; };
		2F7120081ED563C100DD96FA /* Track.swift */ = {isa = PBXFileReference; fileEncoding = 4; lastKnownFileType = sourcecode.swift; path = Track.swift; sourceTree = "<group>"; };
		2F804E6F1ED433DB00E6A7B4 /* Album.swift */ = {isa = PBXFileReference; fileEncoding = 4; lastKnownFileType = sourcecode.swift; path = Album.swift; sourceTree = "<group>"; };
		2F804E711ED433F500E6A7B4 /* Playlist.swift */ = {isa = PBXFileReference; fileEncoding = 4; lastKnownFileType = sourcecode.swift; path = Playlist.swift; sourceTree = "<group>"; };
		2F804E731ED4340400E6A7B4 /* Category.swift */ = {isa = PBXFileReference; fileEncoding = 4; lastKnownFileType = sourcecode.swift; path = Category.swift; sourceTree = "<group>"; };
		2FC986AF1ECAD76000B037CE /* AccountViewController.swift */ = {isa = PBXFileReference; fileEncoding = 4; lastKnownFileType = sourcecode.swift; name = AccountViewController.swift; path = Controllers/AccountViewController.swift; sourceTree = "<group>"; };
		2FC986B51ECAE1DB00B037CE /* PaymentCollectionViewCell.swift */ = {isa = PBXFileReference; fileEncoding = 4; lastKnownFileType = sourcecode.swift; name = PaymentCollectionViewCell.swift; path = Controllers/PaymentCollectionViewCell.swift; sourceTree = "<group>"; };
		2FC986B71ECAE82A00B037CE /* Account.storyboard */ = {isa = PBXFileReference; fileEncoding = 4; lastKnownFileType = file.storyboard; path = Account.storyboard; sourceTree = "<group>"; };
		2FC986B91ECB025E00B037CE /* PurchaseHistoryViewController.swift */ = {isa = PBXFileReference; fileEncoding = 4; lastKnownFileType = sourcecode.swift; path = PurchaseHistoryViewController.swift; sourceTree = "<group>"; };
		2FC986BB1ECB16F700B037CE /* PurchaseHistoryTableViewCell.swift */ = {isa = PBXFileReference; fileEncoding = 4; lastKnownFileType = sourcecode.swift; path = PurchaseHistoryTableViewCell.swift; sourceTree = "<group>"; };
		2FCDF2861ECC80D000095FF4 /* AVPlayerModel.swift */ = {isa = PBXFileReference; fileEncoding = 4; lastKnownFileType = sourcecode.swift; name = AVPlayerModel.swift; path = Models/AVPlayerModel.swift; sourceTree = "<group>"; };
		2FEC9C8F1EC9C40800324AE1 /* PaymentProtocolExtension.swift */ = {isa = PBXFileReference; fileEncoding = 4; lastKnownFileType = sourcecode.swift; name = PaymentProtocolExtension.swift; path = Controllers/PaymentProtocolExtension.swift; sourceTree = "<group>"; };
		2FEC9C911EC9C75A00324AE1 /* SoTube-Bridging-Header.h */ = {isa = PBXFileReference; lastKnownFileType = sourcecode.c.h; path = "SoTube-Bridging-Header.h"; sourceTree = "<group>"; };
		606381C2A33886FCBAE26F58 /* Pods-SoTube.release.xcconfig */ = {isa = PBXFileReference; includeInIndex = 1; lastKnownFileType = text.xcconfig; name = "Pods-SoTube.release.xcconfig"; path = "Pods/Target Support Files/Pods-SoTube/Pods-SoTube.release.xcconfig"; sourceTree = "<group>"; };
		726495C053F085FDC806A67F /* Pods-SoTubeTests.release.xcconfig */ = {isa = PBXFileReference; includeInIndex = 1; lastKnownFileType = text.xcconfig; name = "Pods-SoTubeTests.release.xcconfig"; path = "Pods/Target Support Files/Pods-SoTubeTests/Pods-SoTubeTests.release.xcconfig"; sourceTree = "<group>"; };
		A03227E11ECAF7060041197B /* MinimizedPlayer.swift */ = {isa = PBXFileReference; fileEncoding = 4; lastKnownFileType = sourcecode.swift; path = MinimizedPlayer.swift; sourceTree = "<group>"; };
		A03E690D1EC0F4E900F12FA9 /* MinimizedPlayer.xib */ = {isa = PBXFileReference; fileEncoding = 4; lastKnownFileType = file.xib; name = MinimizedPlayer.xib; path = Views/MinimizedPlayer.xib; sourceTree = "<group>"; };
		A03E69901EC1BE2000F12FA9 /* MyMusicTabBarViewController.swift */ = {isa = PBXFileReference; fileEncoding = 4; lastKnownFileType = sourcecode.swift; path = MyMusicTabBarViewController.swift; sourceTree = "<group>"; };
		A0429A591ED5450C0088F71F /* CoinPurchase.swift */ = {isa = PBXFileReference; fileEncoding = 4; lastKnownFileType = sourcecode.swift; name = CoinPurchase.swift; path = Models/CoinPurchase.swift; sourceTree = "<group>"; };
		A0429A5D1ED5C8A70088F71F /* UIImageViewLoadFromUrl.swift */ = {isa = PBXFileReference; fileEncoding = 4; lastKnownFileType = sourcecode.swift; name = UIImageViewLoadFromUrl.swift; path = Extentions/UIImageViewLoadFromUrl.swift; sourceTree = "<group>"; };
		A0429A611ED5E0650088F71F /* AlbumViewController.swift */ = {isa = PBXFileReference; fileEncoding = 4; lastKnownFileType = sourcecode.swift; name = AlbumViewController.swift; path = Controllers/AlbumViewController.swift; sourceTree = "<group>"; };
		A057302A1ED2D383008EC7B0 /* ChangeUsernameViewController.xib */ = {isa = PBXFileReference; fileEncoding = 4; lastKnownFileType = file.xib; name = ChangeUsernameViewController.xib; path = Views/ChangeUsernameViewController.xib; sourceTree = "<group>"; };
		A057302C1ED2D54E008EC7B0 /* ChangeUsernameViewController.swift */ = {isa = PBXFileReference; fileEncoding = 4; lastKnownFileType = sourcecode.swift; path = ChangeUsernameViewController.swift; sourceTree = "<group>"; };
		A057302E1ED2E546008EC7B0 /* CustomAlertViewTransitioner.swift */ = {isa = PBXFileReference; fileEncoding = 4; lastKnownFileType = sourcecode.swift; path = CustomAlertViewTransitioner.swift; sourceTree = "<group>"; };
		A05730381ED2F9C8008EC7B0 /* Profile.swift */ = {isa = PBXFileReference; fileEncoding = 4; lastKnownFileType = sourcecode.swift; path = Profile.swift; sourceTree = "<group>"; };
		A057303A1ED33046008EC7B0 /* ChangePasswordViewController.xib */ = {isa = PBXFileReference; fileEncoding = 4; lastKnownFileType = file.xib; path = ChangePasswordViewController.xib; sourceTree = "<group>"; };
		A057303C1ED33088008EC7B0 /* ChangePasswordViewController.swift */ = {isa = PBXFileReference; fileEncoding = 4; lastKnownFileType = sourcecode.swift; path = ChangePasswordViewController.swift; sourceTree = "<group>"; };
		A057303E1ED332D3008EC7B0 /* UIViewBorderLeftTopRightBottom.swift */ = {isa = PBXFileReference; fileEncoding = 4; lastKnownFileType = sourcecode.swift; name = UIViewBorderLeftTopRightBottom.swift; path = Extentions/UIViewBorderLeftTopRightBottom.swift; sourceTree = "<group>"; };
		A05730401ED385F5008EC7B0 /* userInfoDelegate.swift */ = {isa = PBXFileReference; fileEncoding = 4; lastKnownFileType = sourcecode.swift; name = userInfoDelegate.swift; path = Views/userInfoDelegate.swift; sourceTree = "<group>"; };
		A05F929A1EC48B4D00F62432 /* TabBarViewController.swift */ = {isa = PBXFileReference; fileEncoding = 4; lastKnownFileType = sourcecode.swift; path = TabBarViewController.swift; sourceTree = "<group>"; };
		A05F92A01EC4ADCD00F62432 /* Base */ = {isa = PBXFileReference; lastKnownFileType = file.storyboard; name = Base; path = Base.lproj/MusicPlayer.storyboard; sourceTree = "<group>"; };
		A05F92A21EC4AEF600F62432 /* MusicSplitViewDetailViewController.swift */ = {isa = PBXFileReference; fileEncoding = 4; lastKnownFileType = sourcecode.swift; name = MusicSplitViewDetailViewController.swift; path = Controllers/MusicSplitViewDetailViewController.swift; sourceTree = "<group>"; };
		A05F92A41EC4AF2400F62432 /* MusicSplitViewMasterViewController.swift */ = {isa = PBXFileReference; fileEncoding = 4; lastKnownFileType = sourcecode.swift; name = MusicSplitViewMasterViewController.swift; path = Controllers/MusicSplitViewMasterViewController.swift; sourceTree = "<group>"; };
		A05F92A61EC4B42800F62432 /* MusicSplitViewMasterTableViewCell.swift */ = {isa = PBXFileReference; fileEncoding = 4; lastKnownFileType = sourcecode.swift; name = MusicSplitViewMasterTableViewCell.swift; path = Controllers/MusicSplitViewMasterTableViewCell.swift; sourceTree = "<group>"; };
		A05F92A81EC58E9A00F62432 /* MusicPlayerViewController.swift */ = {isa = PBXFileReference; fileEncoding = 4; lastKnownFileType = sourcecode.swift; name = MusicPlayerViewController.swift; path = Controllers/MusicPlayerViewController.swift; sourceTree = "<group>"; };
		A06BE0C01ED9E68800767F91 /* Artist.swift */ = {isa = PBXFileReference; fileEncoding = 4; lastKnownFileType = sourcecode.swift; name = Artist.swift; path = Models/Artist.swift; sourceTree = "<group>"; };
		A07775CE1ED86A8200E09D76 /* StaticAlbumTableViewCell.swift */ = {isa = PBXFileReference; fileEncoding = 4; lastKnownFileType = sourcecode.swift; path = StaticAlbumTableViewCell.swift; sourceTree = "<group>"; };
		A09477C01EBCA03A00B62278 /* SoTube.app */ = {isa = PBXFileReference; explicitFileType = wrapper.application; includeInIndex = 0; path = SoTube.app; sourceTree = BUILT_PRODUCTS_DIR; };
		A09477C31EBCA03A00B62278 /* AppDelegate.swift */ = {isa = PBXFileReference; lastKnownFileType = sourcecode.swift; path = AppDelegate.swift; sourceTree = "<group>"; };
		A09477C81EBCA03A00B62278 /* Base */ = {isa = PBXFileReference; lastKnownFileType = file.storyboard; name = Base; path = Base.lproj/Main.storyboard; sourceTree = "<group>"; };
		A09477CA1EBCA03A00B62278 /* Assets.xcassets */ = {isa = PBXFileReference; lastKnownFileType = folder.assetcatalog; path = Assets.xcassets; sourceTree = "<group>"; };
		A09477CD1EBCA03A00B62278 /* Base */ = {isa = PBXFileReference; lastKnownFileType = file.storyboard; name = Base; path = Base.lproj/LaunchScreen.storyboard; sourceTree = "<group>"; };
		A09477CF1EBCA03A00B62278 /* Info.plist */ = {isa = PBXFileReference; lastKnownFileType = text.plist.xml; path = Info.plist; sourceTree = "<group>"; };
		A09477D41EBCA03A00B62278 /* SoTubeTests.xctest */ = {isa = PBXFileReference; explicitFileType = wrapper.cfbundle; includeInIndex = 0; path = SoTubeTests.xctest; sourceTree = BUILT_PRODUCTS_DIR; };
		A09477D81EBCA03A00B62278 /* SoTubeTests.swift */ = {isa = PBXFileReference; lastKnownFileType = sourcecode.swift; path = SoTubeTests.swift; sourceTree = "<group>"; };
		A09477DA1EBCA03A00B62278 /* Info.plist */ = {isa = PBXFileReference; lastKnownFileType = text.plist.xml; path = Info.plist; sourceTree = "<group>"; };
		A09477DF1EBCA03A00B62278 /* SoTubeUITests.xctest */ = {isa = PBXFileReference; explicitFileType = wrapper.cfbundle; includeInIndex = 0; path = SoTubeUITests.xctest; sourceTree = BUILT_PRODUCTS_DIR; };
		A09477E31EBCA03A00B62278 /* SoTubeUITests.swift */ = {isa = PBXFileReference; lastKnownFileType = sourcecode.swift; path = SoTubeUITests.swift; sourceTree = "<group>"; };
		A09477E51EBCA03A00B62278 /* Info.plist */ = {isa = PBXFileReference; lastKnownFileType = text.plist.xml; path = Info.plist; sourceTree = "<group>"; };
		A0A29F591ECC2B1000E06D95 /* AVAudioPlayerModel.swift */ = {isa = PBXFileReference; fileEncoding = 4; lastKnownFileType = sourcecode.swift; name = AVAudioPlayerModel.swift; path = Models/MusicPlayer/AVAudioPlayerModel.swift; sourceTree = "<group>"; };
		A0A29F5B1ECC2B1E00E06D95 /* MusicPlayer.swift */ = {isa = PBXFileReference; fileEncoding = 4; lastKnownFileType = sourcecode.swift; name = MusicPlayer.swift; path = Models/MusicPlayer/MusicPlayer.swift; sourceTree = "<group>"; };
		A0A29F5D1ECC2B5800E06D95 /* PayPalModel.swift */ = {isa = PBXFileReference; fileEncoding = 4; lastKnownFileType = sourcecode.swift; name = PayPalModel.swift; path = Models/PaymentModel/PayPalModel.swift; sourceTree = "<group>"; };
		A0A29F5E1ECC2B5800E06D95 /* PaymentViewModel.swift */ = {isa = PBXFileReference; fileEncoding = 4; lastKnownFileType = sourcecode.swift; name = PaymentViewModel.swift; path = Models/PaymentModel/PaymentViewModel.swift; sourceTree = "<group>"; };
		A0A29F611ECC2BA800E06D95 /* 0.mp3 */ = {isa = PBXFileReference; lastKnownFileType = audio.mp3; name = 0.mp3; path = Resources/0.mp3; sourceTree = "<group>"; };
		A0A29F621ECC2BA800E06D95 /* 1.mp3 */ = {isa = PBXFileReference; lastKnownFileType = audio.mp3; name = 1.mp3; path = Resources/1.mp3; sourceTree = "<group>"; };
		A0A29F631ECC2BA800E06D95 /* 2.mp3 */ = {isa = PBXFileReference; lastKnownFileType = audio.mp3; name = 2.mp3; path = Resources/2.mp3; sourceTree = "<group>"; };
		A0A29F641ECC2BA800E06D95 /* 3.mp3 */ = {isa = PBXFileReference; lastKnownFileType = audio.mp3; name = 3.mp3; path = Resources/3.mp3; sourceTree = "<group>"; };
		A0A29F651ECC2BA800E06D95 /* 4.mp3 */ = {isa = PBXFileReference; lastKnownFileType = audio.mp3; name = 4.mp3; path = Resources/4.mp3; sourceTree = "<group>"; };
		A0A29F661ECC2BA800E06D95 /* 5.mp3 */ = {isa = PBXFileReference; lastKnownFileType = audio.mp3; name = 5.mp3; path = Resources/5.mp3; sourceTree = "<group>"; };
		A0A29F671ECC2BA800E06D95 /* 6.mp3 */ = {isa = PBXFileReference; lastKnownFileType = audio.mp3; name = 6.mp3; path = Resources/6.mp3; sourceTree = "<group>"; };
		A0A29F961ECD92CD00E06D95 /* FirebaseModel.swift */ = {isa = PBXFileReference; fileEncoding = 4; lastKnownFileType = sourcecode.swift; path = FirebaseModel.swift; sourceTree = "<group>"; };
		A0A29F991ECDB8E800E06D95 /* DatabaseViewModel.swift */ = {isa = PBXFileReference; fileEncoding = 4; lastKnownFileType = sourcecode.swift; path = DatabaseViewModel.swift; sourceTree = "<group>"; };
		A0A29F9C1ECDEAD100E06D95 /* Store.storyboard */ = {isa = PBXFileReference; fileEncoding = 4; lastKnownFileType = file.storyboard; path = Store.storyboard; sourceTree = "<group>"; };
		A0A29F9E1ECDEF9A00E06D95 /* StoreOverviewViewController.swift */ = {isa = PBXFileReference; fileEncoding = 4; lastKnownFileType = sourcecode.swift; name = StoreOverviewViewController.swift; path = Controllers/StoreOverviewViewController.swift; sourceTree = "<group>"; };
		A0A29FA01ECDEFB100E06D95 /* StoreDetailViewController.swift */ = {isa = PBXFileReference; fileEncoding = 4; lastKnownFileType = sourcecode.swift; path = StoreDetailViewController.swift; sourceTree = "<group>"; };
		A0A29FA21ECDF71E00E06D95 /* StoreCollectionViewCell.swift */ = {isa = PBXFileReference; fileEncoding = 4; lastKnownFileType = sourcecode.swift; path = StoreCollectionViewCell.swift; sourceTree = "<group>"; };
		A0A6D20D1EDAEE500036572B /* UIImageColors.swift */ = {isa = PBXFileReference; fileEncoding = 4; lastKnownFileType = sourcecode.swift; path = UIImageColors.swift; sourceTree = "<group>"; };
		A0ADCB791EBCA4C800C82CC9 /* GoogleService-Info.plist */ = {isa = PBXFileReference; fileEncoding = 4; lastKnownFileType = text.plist.xml; path = "GoogleService-Info.plist"; sourceTree = "<group>"; };
		A0ADCB7F1EC07C6400C82CC9 /* UIViewExtensions.swift */ = {isa = PBXFileReference; fileEncoding = 4; lastKnownFileType = sourcecode.swift; name = UIViewExtensions.swift; path = Extentions/UIViewExtensions.swift; sourceTree = "<group>"; };
		A0D814D71EC970B90094DEC7 /* UIViewLoadingFromXib.swift */ = {isa = PBXFileReference; fileEncoding = 4; lastKnownFileType = sourcecode.swift; name = UIViewLoadingFromXib.swift; path = Extentions/UIViewLoadingFromXib.swift; sourceTree = "<group>"; };
		A0DB26F41ED833320054C9A5 /* UIImageAverigeColor.swift */ = {isa = PBXFileReference; fileEncoding = 4; lastKnownFileType = sourcecode.swift; path = UIImageAverigeColor.swift; sourceTree = "<group>"; };
		A0DB26F61ED841560054C9A5 /* AlbumTrackTableViewCell.swift */ = {isa = PBXFileReference; fileEncoding = 4; lastKnownFileType = sourcecode.swift; path = AlbumTrackTableViewCell.swift; sourceTree = "<group>"; };
		BB40F82D7C5E0F469983EEB9 /* Pods-SoTubeUITests.release.xcconfig */ = {isa = PBXFileReference; includeInIndex = 1; lastKnownFileType = text.xcconfig; name = "Pods-SoTubeUITests.release.xcconfig"; path = "Pods/Target Support Files/Pods-SoTubeUITests/Pods-SoTubeUITests.release.xcconfig"; sourceTree = "<group>"; };
		CE00E31D6BDA723D74E74335 /* Pods_SoTubeUITests.framework */ = {isa = PBXFileReference; explicitFileType = wrapper.framework; includeInIndex = 0; path = Pods_SoTubeUITests.framework; sourceTree = BUILT_PRODUCTS_DIR; };
		D5F8546CAA6D03E6D68520FE /* Pods_SoTube.framework */ = {isa = PBXFileReference; explicitFileType = wrapper.framework; includeInIndex = 0; path = Pods_SoTube.framework; sourceTree = BUILT_PRODUCTS_DIR; };
		DCA2687859902B7E8525CD38 /* Pods-SoTubeUITests.debug.xcconfig */ = {isa = PBXFileReference; includeInIndex = 1; lastKnownFileType = text.xcconfig; name = "Pods-SoTubeUITests.debug.xcconfig"; path = "Pods/Target Support Files/Pods-SoTubeUITests/Pods-SoTubeUITests.debug.xcconfig"; sourceTree = "<group>"; };
		E955702C1ED8AE1B00B6F432 /* StoreCategoryViewController.swift */ = {isa = PBXFileReference; fileEncoding = 4; lastKnownFileType = sourcecode.swift; path = StoreCategoryViewController.swift; sourceTree = "<group>"; };
		F2760E79BB7A2B6DC5E2F7B6 /* Pods-SoTubeTests.debug.xcconfig */ = {isa = PBXFileReference; includeInIndex = 1; lastKnownFileType = text.xcconfig; name = "Pods-SoTubeTests.debug.xcconfig"; path = "Pods/Target Support Files/Pods-SoTubeTests/Pods-SoTubeTests.debug.xcconfig"; sourceTree = "<group>"; };
		F8D9CD8FE75D5C7CEE073FF5 /* Pods_SoTubeTests.framework */ = {isa = PBXFileReference; explicitFileType = wrapper.framework; includeInIndex = 0; path = Pods_SoTubeTests.framework; sourceTree = BUILT_PRODUCTS_DIR; };
/* End PBXFileReference section */

/* Begin PBXFrameworksBuildPhase section */
		A09477BD1EBCA03A00B62278 /* Frameworks */ = {
			isa = PBXFrameworksBuildPhase;
			buildActionMask = 2147483647;
			files = (
				AAD332C2D683670C2E3B77E5 /* Pods_SoTube.framework in Frameworks */,
				2F52836B1ED2E4A60034BB17 /* SpotifyMetadata.framework in Frameworks */,
				2F52836A1ED2E4A60034BB17 /* SpotifyAuthentication.framework in Frameworks */,
				2F5283691ED2E4A60034BB17 /* SpotifyAudioPlayback.framework in Frameworks */,
			);
			runOnlyForDeploymentPostprocessing = 0;
		};
		A09477D11EBCA03A00B62278 /* Frameworks */ = {
			isa = PBXFrameworksBuildPhase;
			buildActionMask = 2147483647;
			files = (
				486AD1AADA1121E7657201DB /* Pods_SoTubeTests.framework in Frameworks */,
			);
			runOnlyForDeploymentPostprocessing = 0;
		};
		A09477DC1EBCA03A00B62278 /* Frameworks */ = {
			isa = PBXFrameworksBuildPhase;
			buildActionMask = 2147483647;
			files = (
				22AEF9D662FE869E806435F1 /* Pods_SoTubeUITests.framework in Frameworks */,
			);
			runOnlyForDeploymentPostprocessing = 0;
		};
/* End PBXFrameworksBuildPhase section */

/* Begin PBXGroup section */
		2F0F66D91EC1CC320019034F /* Login */ = {
			isa = PBXGroup;
			children = (
				A09477CC1EBCA03A00B62278 /* LaunchScreen.storyboard */,
				A09477C71EBCA03A00B62278 /* Main.storyboard */,
				2F0F662C1EC077E60019034F /* LogInViewController.swift */,
				2F0F662E1EC077FC0019034F /* CreateAccountViewController.swift */,
			);
			name = Login;
			sourceTree = "<group>";
		};
		2FEC9C891EC9C2F600324AE1 /* Models */ = {
			isa = PBXGroup;
			children = (
				2F52836E1ED300B30034BB17 /* SpotifyModel.swift */,
				A05730381ED2F9C8008EC7B0 /* Profile.swift */,
				A0429A591ED5450C0088F71F /* CoinPurchase.swift */,
				A0A6D20F1EDB1A630036572B /* MusicObjects */,
				A0A29F981ECDB39D00E06D95 /* Database */,
			);
			name = Models;
			sourceTree = "<group>";
		};
		931173615AF3B4AB05B64803 /* Pods */ = {
			isa = PBXGroup;
			children = (
				2D9627E07E4FC512667784A6 /* Pods-SoTube.debug.xcconfig */,
				606381C2A33886FCBAE26F58 /* Pods-SoTube.release.xcconfig */,
				F2760E79BB7A2B6DC5E2F7B6 /* Pods-SoTubeTests.debug.xcconfig */,
				726495C053F085FDC806A67F /* Pods-SoTubeTests.release.xcconfig */,
				DCA2687859902B7E8525CD38 /* Pods-SoTubeUITests.debug.xcconfig */,
				BB40F82D7C5E0F469983EEB9 /* Pods-SoTubeUITests.release.xcconfig */,
			);
			name = Pods;
			sourceTree = "<group>";
		};
		A03E69931EC1BE5500F12FA9 /* Views */ = {
			isa = PBXGroup;
			children = (
				A03E690D1EC0F4E900F12FA9 /* MinimizedPlayer.xib */,
				A03227E11ECAF7060041197B /* MinimizedPlayer.swift */,
				A057302A1ED2D383008EC7B0 /* ChangeUsernameViewController.xib */,
				A057302C1ED2D54E008EC7B0 /* ChangeUsernameViewController.swift */,
				A05730401ED385F5008EC7B0 /* userInfoDelegate.swift */,
				A057303A1ED33046008EC7B0 /* ChangePasswordViewController.xib */,
				A057303C1ED33088008EC7B0 /* ChangePasswordViewController.swift */,
				A057302E1ED2E546008EC7B0 /* CustomAlertViewTransitioner.swift */,
			);
			name = Views;
			sourceTree = "<group>";
		};
		A03E69A41EC1CC8A00F12FA9 /* Supporting Files */ = {
			isa = PBXGroup;
			children = (
				2FEC9C911EC9C75A00324AE1 /* SoTube-Bridging-Header.h */,
				A09477C31EBCA03A00B62278 /* AppDelegate.swift */,
				A0ADCB791EBCA4C800C82CC9 /* GoogleService-Info.plist */,
				A09477CF1EBCA03A00B62278 /* Info.plist */,
			);
			name = "Supporting Files";
			sourceTree = "<group>";
		};
		A03E69A71EC1DCCF00F12FA9 /* Recourses */ = {
			isa = PBXGroup;
			children = (
				A0A29F611ECC2BA800E06D95 /* 0.mp3 */,
				A0A29F621ECC2BA800E06D95 /* 1.mp3 */,
				A0A29F631ECC2BA800E06D95 /* 2.mp3 */,
				A0A29F641ECC2BA800E06D95 /* 3.mp3 */,
				A0A29F651ECC2BA800E06D95 /* 4.mp3 */,
				A0A29F661ECC2BA800E06D95 /* 5.mp3 */,
				A0A29F671ECC2BA800E06D95 /* 6.mp3 */,
				A09477CA1EBCA03A00B62278 /* Assets.xcassets */,
			);
			name = Recourses;
			sourceTree = "<group>";
		};
		A05F929C1EC48B5700F62432 /* Navigation */ = {
			isa = PBXGroup;
			children = (
				A05F929A1EC48B4D00F62432 /* TabBarViewController.swift */,
				A03E69901EC1BE2000F12FA9 /* MyMusicTabBarViewController.swift */,
			);
			name = Navigation;
			sourceTree = "<group>";
		};
		A09477B71EBCA03A00B62278 = {
			isa = PBXGroup;
			children = (
				A09477C21EBCA03A00B62278 /* SoTube */,
				A09477D71EBCA03A00B62278 /* SoTubeTests */,
				A09477E21EBCA03A00B62278 /* SoTubeUITests */,
				A09477C11EBCA03A00B62278 /* Products */,
				931173615AF3B4AB05B64803 /* Pods */,
				AB9BC1CBB75D52922E20C4DB /* Frameworks */,
			);
			sourceTree = "<group>";
		};
		A09477C11EBCA03A00B62278 /* Products */ = {
			isa = PBXGroup;
			children = (
				A09477C01EBCA03A00B62278 /* SoTube.app */,
				A09477D41EBCA03A00B62278 /* SoTubeTests.xctest */,
				A09477DF1EBCA03A00B62278 /* SoTubeUITests.xctest */,
			);
			name = Products;
			sourceTree = "<group>";
		};
		A09477C21EBCA03A00B62278 /* SoTube */ = {
			isa = PBXGroup;
			children = (
				2F0F66D91EC1CC320019034F /* Login */,
				A0A29F741ECC2CCE00E06D95 /* Account */,
				A0A29F6F1ECC2BDF00E06D95 /* MusicViews */,
				A0A29F9B1ECDEABA00E06D95 /* Store */,
				A05F929C1EC48B5700F62432 /* Navigation */,
				A03E69931EC1BE5500F12FA9 /* Views */,
				2FEC9C891EC9C2F600324AE1 /* Models */,
				A0A29F761ECC2D6A00E06D95 /* PaymentModel */,
				A0A29F701ECC2C5000E06D95 /* MusicPlayerModel */,
				A0ADCB811EC07C6A00C82CC9 /* Extensions */,
				A03E69A71EC1DCCF00F12FA9 /* Recourses */,
				A03E69A41EC1CC8A00F12FA9 /* Supporting Files */,
			);
			path = SoTube;
			sourceTree = "<group>";
		};
		A09477D71EBCA03A00B62278 /* SoTubeTests */ = {
			isa = PBXGroup;
			children = (
				A09477D81EBCA03A00B62278 /* SoTubeTests.swift */,
				A09477DA1EBCA03A00B62278 /* Info.plist */,
			);
			path = SoTubeTests;
			sourceTree = "<group>";
		};
		A09477E21EBCA03A00B62278 /* SoTubeUITests */ = {
			isa = PBXGroup;
			children = (
				A09477E31EBCA03A00B62278 /* SoTubeUITests.swift */,
				A09477E51EBCA03A00B62278 /* Info.plist */,
			);
			path = SoTubeUITests;
			sourceTree = "<group>";
		};
		A0A29F6F1ECC2BDF00E06D95 /* MusicViews */ = {
			isa = PBXGroup;
			children = (
				2F0F66DD1EC1CE3F0019034F /* MusicViews.storyboard */,
				2F0F66D71EC1CBB30019034F /* MusicSplitViewController.swift */,
				A05F92A41EC4AF2400F62432 /* MusicSplitViewMasterViewController.swift */,
				A05F92A61EC4B42800F62432 /* MusicSplitViewMasterTableViewCell.swift */,
				A05F92A21EC4AEF600F62432 /* MusicSplitViewDetailViewController.swift */,
				2F0F66D01EC1CA860019034F /* AlbumsCollectionViewController.swift */,
				2F0F66CA1EC1CA400019034F /* AlbumCollectionViewCell.swift */,
				2F0F66D31EC1CB1C0019034F /* TracksTableViewController.swift */,
				2F0F66DF1EC1D8830019034F /* TrackTableViewCell.swift */,
				2F7029931EC31ACC002B8395 /* Album.storyboard */,
				A0429A611ED5E0650088F71F /* AlbumViewController.swift */,
				A07775CE1ED86A8200E09D76 /* StaticAlbumTableViewCell.swift */,
				A0DB26F61ED841560054C9A5 /* AlbumTrackTableViewCell.swift */,
			);
			name = MusicViews;
			sourceTree = "<group>";
		};
		A0A29F701ECC2C5000E06D95 /* MusicPlayerModel */ = {
			isa = PBXGroup;
			children = (
				A05F929F1EC4ADCD00F62432 /* MusicPlayer.storyboard */,
				A05F92A81EC58E9A00F62432 /* MusicPlayerViewController.swift */,
				A0D814FA1EC9C31A0094DEC7 /* Models */,
			);
			name = MusicPlayerModel;
			sourceTree = "<group>";
		};
		A0A29F741ECC2CCE00E06D95 /* Account */ = {
			isa = PBXGroup;
			children = (
				2FC986B71ECAE82A00B037CE /* Account.storyboard */,
				2FC986AF1ECAD76000B037CE /* AccountViewController.swift */,
				2FC986B51ECAE1DB00B037CE /* PaymentCollectionViewCell.swift */,
				2FC986B91ECB025E00B037CE /* PurchaseHistoryViewController.swift */,
				2FC986BB1ECB16F700B037CE /* PurchaseHistoryTableViewCell.swift */,
			);
			name = Account;
			sourceTree = "<group>";
		};
		A0A29F761ECC2D6A00E06D95 /* PaymentModel */ = {
			isa = PBXGroup;
			children = (
				2FEC9C8F1EC9C40800324AE1 /* PaymentProtocolExtension.swift */,
				A0A29F5D1ECC2B5800E06D95 /* PayPalModel.swift */,
				A0A29F5E1ECC2B5800E06D95 /* PaymentViewModel.swift */,
			);
			name = PaymentModel;
			sourceTree = "<group>";
		};
		A0A29F981ECDB39D00E06D95 /* Database */ = {
			isa = PBXGroup;
			children = (
				A0A29F961ECD92CD00E06D95 /* FirebaseModel.swift */,
				A0A29F991ECDB8E800E06D95 /* DatabaseViewModel.swift */,
			);
			name = Database;
			sourceTree = "<group>";
		};
		A0A29F9B1ECDEABA00E06D95 /* Store */ = {
			isa = PBXGroup;
			children = (
				A0A29F9C1ECDEAD100E06D95 /* Store.storyboard */,
				2F373A611EDC454100433818 /* SearchViewController.swift */,
				A0A29F9E1ECDEF9A00E06D95 /* StoreOverviewViewController.swift */,
				A0A29FA01ECDEFB100E06D95 /* StoreDetailViewController.swift */,
				A0A29FA21ECDF71E00E06D95 /* StoreCollectionViewCell.swift */,
				E955702C1ED8AE1B00B6F432 /* StoreCategoryViewController.swift */,
			);
			name = Store;
			sourceTree = "<group>";
		};
		A0A6D20F1EDB1A630036572B /* MusicObjects */ = {
			isa = PBXGroup;
			children = (
				2F804E6F1ED433DB00E6A7B4 /* Album.swift */,
				2F804E711ED433F500E6A7B4 /* Playlist.swift */,
				2F804E731ED4340400E6A7B4 /* Category.swift */,
				2F7120081ED563C100DD96FA /* Track.swift */,
				A06BE0C01ED9E68800767F91 /* Artist.swift */,
			);
			name = MusicObjects;
			sourceTree = "<group>";
		};
		A0ADCB811EC07C6A00C82CC9 /* Extensions */ = {
			isa = PBXGroup;
			children = (
				A0A6D20D1EDAEE500036572B /* UIImageColors.swift */,
				A0ADCB7F1EC07C6400C82CC9 /* UIViewExtensions.swift */,
				A0D814D71EC970B90094DEC7 /* UIViewLoadingFromXib.swift */,
				A057303E1ED332D3008EC7B0 /* UIViewBorderLeftTopRightBottom.swift */,
				A0429A5D1ED5C8A70088F71F /* UIImageViewLoadFromUrl.swift */,
				A0DB26F41ED833320054C9A5 /* UIImageAverigeColor.swift */,
			);
			name = Extensions;
			sourceTree = "<group>";
		};
		A0D814FA1EC9C31A0094DEC7 /* Models */ = {
			isa = PBXGroup;
			children = (
				A0A29F591ECC2B1000E06D95 /* AVAudioPlayerModel.swift */,
				2F52836C1ED2E4DD0034BB17 /* SPTPlayerModel.swift */,
				2FCDF2861ECC80D000095FF4 /* AVPlayerModel.swift */,
				A0A29F5B1ECC2B1E00E06D95 /* MusicPlayer.swift */,
			);
			name = Models;
			sourceTree = "<group>";
		};
		AB9BC1CBB75D52922E20C4DB /* Frameworks */ = {
			isa = PBXGroup;
			children = (
				2F5283661ED2E4A60034BB17 /* SpotifyAudioPlayback.framework */,
				2F5283671ED2E4A60034BB17 /* SpotifyAuthentication.framework */,
				2F5283681ED2E4A60034BB17 /* SpotifyMetadata.framework */,
				D5F8546CAA6D03E6D68520FE /* Pods_SoTube.framework */,
				F8D9CD8FE75D5C7CEE073FF5 /* Pods_SoTubeTests.framework */,
				CE00E31D6BDA723D74E74335 /* Pods_SoTubeUITests.framework */,
			);
			name = Frameworks;
			sourceTree = "<group>";
		};
/* End PBXGroup section */

/* Begin PBXNativeTarget section */
		A09477BF1EBCA03A00B62278 /* SoTube */ = {
			isa = PBXNativeTarget;
			buildConfigurationList = A09477E81EBCA03A00B62278 /* Build configuration list for PBXNativeTarget "SoTube" */;
			buildPhases = (
				1EADC27297583C8F137B8408 /* [CP] Check Pods Manifest.lock */,
				A09477BC1EBCA03A00B62278 /* Sources */,
				A09477BD1EBCA03A00B62278 /* Frameworks */,
				A09477BE1EBCA03A00B62278 /* Resources */,
				B82591A2439AB42962E6C193 /* [CP] Embed Pods Frameworks */,
				30AD47E805369DD9252C0431 /* [CP] Copy Pods Resources */,
			);
			buildRules = (
			);
			dependencies = (
			);
			name = SoTube;
			productName = SoTube;
			productReference = A09477C01EBCA03A00B62278 /* SoTube.app */;
			productType = "com.apple.product-type.application";
		};
		A09477D31EBCA03A00B62278 /* SoTubeTests */ = {
			isa = PBXNativeTarget;
			buildConfigurationList = A09477EB1EBCA03A00B62278 /* Build configuration list for PBXNativeTarget "SoTubeTests" */;
			buildPhases = (
				540446BC0E50E3E65D1F1473 /* [CP] Check Pods Manifest.lock */,
				A09477D01EBCA03A00B62278 /* Sources */,
				A09477D11EBCA03A00B62278 /* Frameworks */,
				A09477D21EBCA03A00B62278 /* Resources */,
				2B32DA3241299F3AD0A00760 /* [CP] Embed Pods Frameworks */,
				E40944FCBB14C354612AB73E /* [CP] Copy Pods Resources */,
			);
			buildRules = (
			);
			dependencies = (
				A09477D61EBCA03A00B62278 /* PBXTargetDependency */,
			);
			name = SoTubeTests;
			productName = SoTubeTests;
			productReference = A09477D41EBCA03A00B62278 /* SoTubeTests.xctest */;
			productType = "com.apple.product-type.bundle.unit-test";
		};
		A09477DE1EBCA03A00B62278 /* SoTubeUITests */ = {
			isa = PBXNativeTarget;
			buildConfigurationList = A09477EE1EBCA03A00B62278 /* Build configuration list for PBXNativeTarget "SoTubeUITests" */;
			buildPhases = (
				271074A2E622C3B2AEEA4025 /* [CP] Check Pods Manifest.lock */,
				A09477DB1EBCA03A00B62278 /* Sources */,
				A09477DC1EBCA03A00B62278 /* Frameworks */,
				A09477DD1EBCA03A00B62278 /* Resources */,
				9894284FC3D9BDD0EC79178C /* [CP] Embed Pods Frameworks */,
				8637F478F2C2F458F7BE67CA /* [CP] Copy Pods Resources */,
			);
			buildRules = (
			);
			dependencies = (
				A09477E11EBCA03A00B62278 /* PBXTargetDependency */,
			);
			name = SoTubeUITests;
			productName = SoTubeUITests;
			productReference = A09477DF1EBCA03A00B62278 /* SoTubeUITests.xctest */;
			productType = "com.apple.product-type.bundle.ui-testing";
		};
/* End PBXNativeTarget section */

/* Begin PBXProject section */
		A09477B81EBCA03A00B62278 /* Project object */ = {
			isa = PBXProject;
			attributes = {
				LastSwiftUpdateCheck = 0820;
				LastUpgradeCheck = 0820;
				ORGANIZATIONNAME = "NV Met Talent";
				TargetAttributes = {
					A09477BF1EBCA03A00B62278 = {
						CreatedOnToolsVersion = 8.2.1;
						LastSwiftMigration = 0820;
						ProvisioningStyle = Automatic;
					};
					A09477D31EBCA03A00B62278 = {
						CreatedOnToolsVersion = 8.2.1;
						ProvisioningStyle = Automatic;
						TestTargetID = A09477BF1EBCA03A00B62278;
					};
					A09477DE1EBCA03A00B62278 = {
						CreatedOnToolsVersion = 8.2.1;
						ProvisioningStyle = Automatic;
						TestTargetID = A09477BF1EBCA03A00B62278;
					};
				};
			};
			buildConfigurationList = A09477BB1EBCA03A00B62278 /* Build configuration list for PBXProject "SoTube" */;
			compatibilityVersion = "Xcode 3.2";
			developmentRegion = English;
			hasScannedForEncodings = 0;
			knownRegions = (
				en,
				Base,
			);
			mainGroup = A09477B71EBCA03A00B62278;
			productRefGroup = A09477C11EBCA03A00B62278 /* Products */;
			projectDirPath = "";
			projectRoot = "";
			targets = (
				A09477BF1EBCA03A00B62278 /* SoTube */,
				A09477D31EBCA03A00B62278 /* SoTubeTests */,
				A09477DE1EBCA03A00B62278 /* SoTubeUITests */,
			);
		};
/* End PBXProject section */

/* Begin PBXResourcesBuildPhase section */
		A09477BE1EBCA03A00B62278 /* Resources */ = {
			isa = PBXResourcesBuildPhase;
			buildActionMask = 2147483647;
			files = (
				A057302B1ED2D383008EC7B0 /* ChangeUsernameViewController.xib in Resources */,
				A0A29F691ECC2BA800E06D95 /* 1.mp3 in Resources */,
				A057303B1ED33046008EC7B0 /* ChangePasswordViewController.xib in Resources */,
				A0A29F681ECC2BA800E06D95 /* 0.mp3 in Resources */,
				A0A29F6C1ECC2BA800E06D95 /* 4.mp3 in Resources */,
				A0A29F6A1ECC2BA800E06D95 /* 2.mp3 in Resources */,
				2F7029941EC31ACC002B8395 /* Album.storyboard in Resources */,
				A0A29F9D1ECDEAD100E06D95 /* Store.storyboard in Resources */,
				2FC986B81ECAE82A00B037CE /* Account.storyboard in Resources */,
				A09477CE1EBCA03A00B62278 /* LaunchScreen.storyboard in Resources */,
				A0A29F6D1ECC2BA800E06D95 /* 5.mp3 in Resources */,
				A0ADCB7A1EBCA4C800C82CC9 /* GoogleService-Info.plist in Resources */,
				A0A29F6B1ECC2BA800E06D95 /* 3.mp3 in Resources */,
				A05F92A11EC4ADCD00F62432 /* MusicPlayer.storyboard in Resources */,
				A09477CB1EBCA03A00B62278 /* Assets.xcassets in Resources */,
				A03E690E1EC0F4E900F12FA9 /* MinimizedPlayer.xib in Resources */,
				A09477C91EBCA03A00B62278 /* Main.storyboard in Resources */,
				A0A29F6E1ECC2BA800E06D95 /* 6.mp3 in Resources */,
				2F0F66DE1EC1CE3F0019034F /* MusicViews.storyboard in Resources */,
			);
			runOnlyForDeploymentPostprocessing = 0;
		};
		A09477D21EBCA03A00B62278 /* Resources */ = {
			isa = PBXResourcesBuildPhase;
			buildActionMask = 2147483647;
			files = (
			);
			runOnlyForDeploymentPostprocessing = 0;
		};
		A09477DD1EBCA03A00B62278 /* Resources */ = {
			isa = PBXResourcesBuildPhase;
			buildActionMask = 2147483647;
			files = (
			);
			runOnlyForDeploymentPostprocessing = 0;
		};
/* End PBXResourcesBuildPhase section */

/* Begin PBXShellScriptBuildPhase section */
		1EADC27297583C8F137B8408 /* [CP] Check Pods Manifest.lock */ = {
			isa = PBXShellScriptBuildPhase;
			buildActionMask = 2147483647;
			files = (
			);
			inputPaths = (
			);
			name = "[CP] Check Pods Manifest.lock";
			outputPaths = (
			);
			runOnlyForDeploymentPostprocessing = 0;
			shellPath = /bin/sh;
			shellScript = "diff \"${PODS_PODFILE_DIR_PATH}/Podfile.lock\" \"${PODS_ROOT}/Manifest.lock\" > /dev/null\nif [ $? != 0 ] ; then\n    # print error to STDERR\n    echo \"error: The sandbox is not in sync with the Podfile.lock. Run 'pod install' or update your CocoaPods installation.\" >&2\n    exit 1\nfi\n";
			showEnvVarsInLog = 0;
		};
		271074A2E622C3B2AEEA4025 /* [CP] Check Pods Manifest.lock */ = {
			isa = PBXShellScriptBuildPhase;
			buildActionMask = 2147483647;
			files = (
			);
			inputPaths = (
			);
			name = "[CP] Check Pods Manifest.lock";
			outputPaths = (
			);
			runOnlyForDeploymentPostprocessing = 0;
			shellPath = /bin/sh;
			shellScript = "diff \"${PODS_PODFILE_DIR_PATH}/Podfile.lock\" \"${PODS_ROOT}/Manifest.lock\" > /dev/null\nif [ $? != 0 ] ; then\n    # print error to STDERR\n    echo \"error: The sandbox is not in sync with the Podfile.lock. Run 'pod install' or update your CocoaPods installation.\" >&2\n    exit 1\nfi\n";
			showEnvVarsInLog = 0;
		};
		2B32DA3241299F3AD0A00760 /* [CP] Embed Pods Frameworks */ = {
			isa = PBXShellScriptBuildPhase;
			buildActionMask = 2147483647;
			files = (
			);
			inputPaths = (
			);
			name = "[CP] Embed Pods Frameworks";
			outputPaths = (
			);
			runOnlyForDeploymentPostprocessing = 0;
			shellPath = /bin/sh;
			shellScript = "\"${SRCROOT}/Pods/Target Support Files/Pods-SoTubeTests/Pods-SoTubeTests-frameworks.sh\"\n";
			showEnvVarsInLog = 0;
		};
		30AD47E805369DD9252C0431 /* [CP] Copy Pods Resources */ = {
			isa = PBXShellScriptBuildPhase;
			buildActionMask = 2147483647;
			files = (
			);
			inputPaths = (
			);
			name = "[CP] Copy Pods Resources";
			outputPaths = (
			);
			runOnlyForDeploymentPostprocessing = 0;
			shellPath = /bin/sh;
			shellScript = "\"${SRCROOT}/Pods/Target Support Files/Pods-SoTube/Pods-SoTube-resources.sh\"\n";
			showEnvVarsInLog = 0;
		};
		540446BC0E50E3E65D1F1473 /* [CP] Check Pods Manifest.lock */ = {
			isa = PBXShellScriptBuildPhase;
			buildActionMask = 2147483647;
			files = (
			);
			inputPaths = (
			);
			name = "[CP] Check Pods Manifest.lock";
			outputPaths = (
			);
			runOnlyForDeploymentPostprocessing = 0;
			shellPath = /bin/sh;
			shellScript = "diff \"${PODS_PODFILE_DIR_PATH}/Podfile.lock\" \"${PODS_ROOT}/Manifest.lock\" > /dev/null\nif [ $? != 0 ] ; then\n    # print error to STDERR\n    echo \"error: The sandbox is not in sync with the Podfile.lock. Run 'pod install' or update your CocoaPods installation.\" >&2\n    exit 1\nfi\n";
			showEnvVarsInLog = 0;
		};
		8637F478F2C2F458F7BE67CA /* [CP] Copy Pods Resources */ = {
			isa = PBXShellScriptBuildPhase;
			buildActionMask = 2147483647;
			files = (
			);
			inputPaths = (
			);
			name = "[CP] Copy Pods Resources";
			outputPaths = (
			);
			runOnlyForDeploymentPostprocessing = 0;
			shellPath = /bin/sh;
			shellScript = "\"${SRCROOT}/Pods/Target Support Files/Pods-SoTubeUITests/Pods-SoTubeUITests-resources.sh\"\n";
			showEnvVarsInLog = 0;
		};
		9894284FC3D9BDD0EC79178C /* [CP] Embed Pods Frameworks */ = {
			isa = PBXShellScriptBuildPhase;
			buildActionMask = 2147483647;
			files = (
			);
			inputPaths = (
			);
			name = "[CP] Embed Pods Frameworks";
			outputPaths = (
			);
			runOnlyForDeploymentPostprocessing = 0;
			shellPath = /bin/sh;
			shellScript = "\"${SRCROOT}/Pods/Target Support Files/Pods-SoTubeUITests/Pods-SoTubeUITests-frameworks.sh\"\n";
			showEnvVarsInLog = 0;
		};
		B82591A2439AB42962E6C193 /* [CP] Embed Pods Frameworks */ = {
			isa = PBXShellScriptBuildPhase;
			buildActionMask = 2147483647;
			files = (
			);
			inputPaths = (
			);
			name = "[CP] Embed Pods Frameworks";
			outputPaths = (
			);
			runOnlyForDeploymentPostprocessing = 0;
			shellPath = /bin/sh;
			shellScript = "\"${SRCROOT}/Pods/Target Support Files/Pods-SoTube/Pods-SoTube-frameworks.sh\"\n";
			showEnvVarsInLog = 0;
		};
		E40944FCBB14C354612AB73E /* [CP] Copy Pods Resources */ = {
			isa = PBXShellScriptBuildPhase;
			buildActionMask = 2147483647;
			files = (
			);
			inputPaths = (
			);
			name = "[CP] Copy Pods Resources";
			outputPaths = (
			);
			runOnlyForDeploymentPostprocessing = 0;
			shellPath = /bin/sh;
			shellScript = "\"${SRCROOT}/Pods/Target Support Files/Pods-SoTubeTests/Pods-SoTubeTests-resources.sh\"\n";
			showEnvVarsInLog = 0;
		};
/* End PBXShellScriptBuildPhase section */

/* Begin PBXSourcesBuildPhase section */
		A09477BC1EBCA03A00B62278 /* Sources */ = {
			isa = PBXSourcesBuildPhase;
			buildActionMask = 2147483647;
			files = (
				2F0F662F1EC077FC0019034F /* CreateAccountViewController.swift in Sources */,
				2FC986BC1ECB16F700B037CE /* PurchaseHistoryTableViewCell.swift in Sources */,
				E955702D1ED8AE1B00B6F432 /* StoreCategoryViewController.swift in Sources */,
				2F804E721ED433F500E6A7B4 /* Playlist.swift in Sources */,
				A0A29F5C1ECC2B1E00E06D95 /* MusicPlayer.swift in Sources */,
				2F0F66CC1EC1CA400019034F /* AlbumCollectionViewCell.swift in Sources */,
				A0429A5E1ED5C8A70088F71F /* UIImageViewLoadFromUrl.swift in Sources */,
				2F0F66D11EC1CA860019034F /* AlbumsCollectionViewController.swift in Sources */,
				A0A29F5A1ECC2B1000E06D95 /* AVAudioPlayerModel.swift in Sources */,
				A0A29F971ECD92CD00E06D95 /* FirebaseModel.swift in Sources */,
				A03227E21ECAF7060041197B /* MinimizedPlayer.swift in Sources */,
				A0A29F9F1ECDEF9A00E06D95 /* StoreOverviewViewController.swift in Sources */,
				2F0F662D1EC077E60019034F /* LogInViewController.swift in Sources */,
				A057302D1ED2D54E008EC7B0 /* ChangeUsernameViewController.swift in Sources */,
				A05F929B1EC48B4D00F62432 /* TabBarViewController.swift in Sources */,
				2F52836F1ED300B30034BB17 /* SpotifyModel.swift in Sources */,
				A05F92A71EC4B42800F62432 /* MusicSplitViewMasterTableViewCell.swift in Sources */,
				A0A29F5F1ECC2B5800E06D95 /* PayPalModel.swift in Sources */,
				A0DB26F71ED841560054C9A5 /* AlbumTrackTableViewCell.swift in Sources */,
				A0A29F601ECC2B5800E06D95 /* PaymentViewModel.swift in Sources */,
				A0429A621ED5E0660088F71F /* AlbumViewController.swift in Sources */,
				2FC986B61ECAE1DB00B037CE /* PaymentCollectionViewCell.swift in Sources */,
				A07775CF1ED86A8200E09D76 /* StaticAlbumTableViewCell.swift in Sources */,
				A06BE0C11ED9E68800767F91 /* Artist.swift in Sources */,
				2F52836D1ED2E4DD0034BB17 /* SPTPlayerModel.swift in Sources */,
				A0A29FA31ECDF71E00E06D95 /* StoreCollectionViewCell.swift in Sources */,
				A0429A5A1ED5450C0088F71F /* CoinPurchase.swift in Sources */,
				A0A29F9A1ECDB8E800E06D95 /* DatabaseViewModel.swift in Sources */,
				2F804E741ED4340400E6A7B4 /* Category.swift in Sources */,
				A05F92A91EC58E9A00F62432 /* MusicPlayerViewController.swift in Sources */,
				2F373A621EDC454100433818 /* SearchViewController.swift in Sources */,
				2F0F66D81EC1CBB30019034F /* MusicSplitViewController.swift in Sources */,
				A057303F1ED332D3008EC7B0 /* UIViewBorderLeftTopRightBottom.swift in Sources */,
				A0DB26F51ED833320054C9A5 /* UIImageAverigeColor.swift in Sources */,
				A05730411ED385F5008EC7B0 /* userInfoDelegate.swift in Sources */,
				A0A6D20E1EDAEE500036572B /* UIImageColors.swift in Sources */,
				2FEC9C901EC9C40800324AE1 /* PaymentProtocolExtension.swift in Sources */,
				A057303D1ED33088008EC7B0 /* ChangePasswordViewController.swift in Sources */,
				2F804E701ED433DB00E6A7B4 /* Album.swift in Sources */,
				A0ADCB801EC07C6400C82CC9 /* UIViewExtensions.swift in Sources */,
				A03E69911EC1BE2000F12FA9 /* MyMusicTabBarViewController.swift in Sources */,
				2FCDF2871ECC80D000095FF4 /* AVPlayerModel.swift in Sources */,
				2FC986BA1ECB025E00B037CE /* PurchaseHistoryViewController.swift in Sources */,
				2FC986B01ECAD76000B037CE /* AccountViewController.swift in Sources */,
				A09477C41EBCA03A00B62278 /* AppDelegate.swift in Sources */,
				A0A29FA11ECDEFB100E06D95 /* StoreDetailViewController.swift in Sources */,
				2F0F66D41EC1CB1C0019034F /* TracksTableViewController.swift in Sources */,
				A0D814D81EC970B90094DEC7 /* UIViewLoadingFromXib.swift in Sources */,
				A05F92A31EC4AEF600F62432 /* MusicSplitViewDetailViewController.swift in Sources */,
				A05730391ED2F9C8008EC7B0 /* Profile.swift in Sources */,
				2F7120091ED563C100DD96FA /* Track.swift in Sources */,
				A05F92A51EC4AF2400F62432 /* MusicSplitViewMasterViewController.swift in Sources */,
				A057302F1ED2E546008EC7B0 /* CustomAlertViewTransitioner.swift in Sources */,
				2F0F66E01EC1D8830019034F /* TrackTableViewCell.swift in Sources */,
			);
			runOnlyForDeploymentPostprocessing = 0;
		};
		A09477D01EBCA03A00B62278 /* Sources */ = {
			isa = PBXSourcesBuildPhase;
			buildActionMask = 2147483647;
			files = (
				A09477D91EBCA03A00B62278 /* SoTubeTests.swift in Sources */,
			);
			runOnlyForDeploymentPostprocessing = 0;
		};
		A09477DB1EBCA03A00B62278 /* Sources */ = {
			isa = PBXSourcesBuildPhase;
			buildActionMask = 2147483647;
			files = (
				A09477E41EBCA03A00B62278 /* SoTubeUITests.swift in Sources */,
			);
			runOnlyForDeploymentPostprocessing = 0;
		};
/* End PBXSourcesBuildPhase section */

/* Begin PBXTargetDependency section */
		A09477D61EBCA03A00B62278 /* PBXTargetDependency */ = {
			isa = PBXTargetDependency;
			target = A09477BF1EBCA03A00B62278 /* SoTube */;
			targetProxy = A09477D51EBCA03A00B62278 /* PBXContainerItemProxy */;
		};
		A09477E11EBCA03A00B62278 /* PBXTargetDependency */ = {
			isa = PBXTargetDependency;
			target = A09477BF1EBCA03A00B62278 /* SoTube */;
			targetProxy = A09477E01EBCA03A00B62278 /* PBXContainerItemProxy */;
		};
/* End PBXTargetDependency section */

/* Begin PBXVariantGroup section */
		A05F929F1EC4ADCD00F62432 /* MusicPlayer.storyboard */ = {
			isa = PBXVariantGroup;
			children = (
				A05F92A01EC4ADCD00F62432 /* Base */,
			);
			name = MusicPlayer.storyboard;
			sourceTree = "<group>";
		};
		A09477C71EBCA03A00B62278 /* Main.storyboard */ = {
			isa = PBXVariantGroup;
			children = (
				A09477C81EBCA03A00B62278 /* Base */,
			);
			name = Main.storyboard;
			sourceTree = "<group>";
		};
		A09477CC1EBCA03A00B62278 /* LaunchScreen.storyboard */ = {
			isa = PBXVariantGroup;
			children = (
				A09477CD1EBCA03A00B62278 /* Base */,
			);
			name = LaunchScreen.storyboard;
			sourceTree = "<group>";
		};
/* End PBXVariantGroup section */

/* Begin XCBuildConfiguration section */
		A09477E61EBCA03A00B62278 /* Debug */ = {
			isa = XCBuildConfiguration;
			buildSettings = {
				ALWAYS_SEARCH_USER_PATHS = NO;
				CLANG_ANALYZER_NONNULL = YES;
				CLANG_CXX_LANGUAGE_STANDARD = "gnu++0x";
				CLANG_CXX_LIBRARY = "libc++";
				CLANG_ENABLE_MODULES = YES;
				CLANG_ENABLE_OBJC_ARC = YES;
				CLANG_WARN_BOOL_CONVERSION = YES;
				CLANG_WARN_CONSTANT_CONVERSION = YES;
				CLANG_WARN_DIRECT_OBJC_ISA_USAGE = YES_ERROR;
				CLANG_WARN_DOCUMENTATION_COMMENTS = YES;
				CLANG_WARN_EMPTY_BODY = YES;
				CLANG_WARN_ENUM_CONVERSION = YES;
				CLANG_WARN_INFINITE_RECURSION = YES;
				CLANG_WARN_INT_CONVERSION = YES;
				CLANG_WARN_OBJC_ROOT_CLASS = YES_ERROR;
				CLANG_WARN_SUSPICIOUS_MOVE = YES;
				CLANG_WARN_UNREACHABLE_CODE = YES;
				CLANG_WARN__DUPLICATE_METHOD_MATCH = YES;
				"CODE_SIGN_IDENTITY[sdk=iphoneos*]" = "iPhone Developer";
				COPY_PHASE_STRIP = NO;
				DEBUG_INFORMATION_FORMAT = dwarf;
				ENABLE_STRICT_OBJC_MSGSEND = YES;
				ENABLE_TESTABILITY = YES;
				GCC_C_LANGUAGE_STANDARD = gnu99;
				GCC_DYNAMIC_NO_PIC = NO;
				GCC_NO_COMMON_BLOCKS = YES;
				GCC_OPTIMIZATION_LEVEL = 0;
				GCC_PREPROCESSOR_DEFINITIONS = (
					"DEBUG=1",
					"$(inherited)",
				);
				GCC_WARN_64_TO_32_BIT_CONVERSION = YES;
				GCC_WARN_ABOUT_RETURN_TYPE = YES_ERROR;
				GCC_WARN_UNDECLARED_SELECTOR = YES;
				GCC_WARN_UNINITIALIZED_AUTOS = YES_AGGRESSIVE;
				GCC_WARN_UNUSED_FUNCTION = YES;
				GCC_WARN_UNUSED_VARIABLE = YES;
				IPHONEOS_DEPLOYMENT_TARGET = 10.2;
				MTL_ENABLE_DEBUG_INFO = YES;
				ONLY_ACTIVE_ARCH = YES;
				SDKROOT = iphoneos;
				SWIFT_ACTIVE_COMPILATION_CONDITIONS = DEBUG;
				SWIFT_OPTIMIZATION_LEVEL = "-Onone";
				TARGETED_DEVICE_FAMILY = "1,2";
			};
			name = Debug;
		};
		A09477E71EBCA03A00B62278 /* Release */ = {
			isa = XCBuildConfiguration;
			buildSettings = {
				ALWAYS_SEARCH_USER_PATHS = NO;
				CLANG_ANALYZER_NONNULL = YES;
				CLANG_CXX_LANGUAGE_STANDARD = "gnu++0x";
				CLANG_CXX_LIBRARY = "libc++";
				CLANG_ENABLE_MODULES = YES;
				CLANG_ENABLE_OBJC_ARC = YES;
				CLANG_WARN_BOOL_CONVERSION = YES;
				CLANG_WARN_CONSTANT_CONVERSION = YES;
				CLANG_WARN_DIRECT_OBJC_ISA_USAGE = YES_ERROR;
				CLANG_WARN_DOCUMENTATION_COMMENTS = YES;
				CLANG_WARN_EMPTY_BODY = YES;
				CLANG_WARN_ENUM_CONVERSION = YES;
				CLANG_WARN_INFINITE_RECURSION = YES;
				CLANG_WARN_INT_CONVERSION = YES;
				CLANG_WARN_OBJC_ROOT_CLASS = YES_ERROR;
				CLANG_WARN_SUSPICIOUS_MOVE = YES;
				CLANG_WARN_UNREACHABLE_CODE = YES;
				CLANG_WARN__DUPLICATE_METHOD_MATCH = YES;
				"CODE_SIGN_IDENTITY[sdk=iphoneos*]" = "iPhone Developer";
				COPY_PHASE_STRIP = NO;
				DEBUG_INFORMATION_FORMAT = "dwarf-with-dsym";
				ENABLE_NS_ASSERTIONS = NO;
				ENABLE_STRICT_OBJC_MSGSEND = YES;
				GCC_C_LANGUAGE_STANDARD = gnu99;
				GCC_NO_COMMON_BLOCKS = YES;
				GCC_WARN_64_TO_32_BIT_CONVERSION = YES;
				GCC_WARN_ABOUT_RETURN_TYPE = YES_ERROR;
				GCC_WARN_UNDECLARED_SELECTOR = YES;
				GCC_WARN_UNINITIALIZED_AUTOS = YES_AGGRESSIVE;
				GCC_WARN_UNUSED_FUNCTION = YES;
				GCC_WARN_UNUSED_VARIABLE = YES;
				IPHONEOS_DEPLOYMENT_TARGET = 10.2;
				MTL_ENABLE_DEBUG_INFO = NO;
				SDKROOT = iphoneos;
				SWIFT_OPTIMIZATION_LEVEL = "-Owholemodule";
				TARGETED_DEVICE_FAMILY = "1,2";
				VALIDATE_PRODUCT = YES;
			};
			name = Release;
		};
		A09477E91EBCA03A00B62278 /* Debug */ = {
			isa = XCBuildConfiguration;
			baseConfigurationReference = 2D9627E07E4FC512667784A6 /* Pods-SoTube.debug.xcconfig */;
			buildSettings = {
				ASSETCATALOG_COMPILER_APPICON_NAME = AppIcon;
				CLANG_ENABLE_MODULES = YES;
				DEVELOPMENT_TEAM = "";
				FRAMEWORK_SEARCH_PATHS = (
					"$(inherited)",
					"$(PROJECT_DIR)",
				);
				INFOPLIST_FILE = SoTube/Info.plist;
				LD_RUNPATH_SEARCH_PATHS = "$(inherited) @executable_path/Frameworks";
				PRODUCT_BUNDLE_IDENTIFIER = com.NVMetTalent.SoTube;
				PRODUCT_NAME = "$(TARGET_NAME)";
				SWIFT_OBJC_BRIDGING_HEADER = "SoTube/SoTube-Bridging-Header.h";
				SWIFT_OPTIMIZATION_LEVEL = "-Onone";
				SWIFT_VERSION = 3.0;
			};
			name = Debug;
		};
		A09477EA1EBCA03A00B62278 /* Release */ = {
			isa = XCBuildConfiguration;
			baseConfigurationReference = 606381C2A33886FCBAE26F58 /* Pods-SoTube.release.xcconfig */;
			buildSettings = {
				ASSETCATALOG_COMPILER_APPICON_NAME = AppIcon;
				CLANG_ENABLE_MODULES = YES;
				DEVELOPMENT_TEAM = "";
				FRAMEWORK_SEARCH_PATHS = (
					"$(inherited)",
					"$(PROJECT_DIR)",
				);
				INFOPLIST_FILE = SoTube/Info.plist;
				LD_RUNPATH_SEARCH_PATHS = "$(inherited) @executable_path/Frameworks";
				PRODUCT_BUNDLE_IDENTIFIER = com.NVMetTalent.SoTube;
				PRODUCT_NAME = "$(TARGET_NAME)";
				SWIFT_OBJC_BRIDGING_HEADER = "SoTube/SoTube-Bridging-Header.h";
				SWIFT_VERSION = 3.0;
			};
			name = Release;
		};
		A09477EC1EBCA03A00B62278 /* Debug */ = {
			isa = XCBuildConfiguration;
			baseConfigurationReference = F2760E79BB7A2B6DC5E2F7B6 /* Pods-SoTubeTests.debug.xcconfig */;
			buildSettings = {
				ALWAYS_EMBED_SWIFT_STANDARD_LIBRARIES = YES;
				BUNDLE_LOADER = "$(TEST_HOST)";
				INFOPLIST_FILE = SoTubeTests/Info.plist;
				LD_RUNPATH_SEARCH_PATHS = "$(inherited) @executable_path/Frameworks @loader_path/Frameworks";
				PRODUCT_BUNDLE_IDENTIFIER = com.NVMetTalent.SoTubeTests;
				PRODUCT_NAME = "$(TARGET_NAME)";
				SWIFT_VERSION = 3.0;
				TEST_HOST = "$(BUILT_PRODUCTS_DIR)/SoTube.app/SoTube";
			};
			name = Debug;
		};
		A09477ED1EBCA03A00B62278 /* Release */ = {
			isa = XCBuildConfiguration;
			baseConfigurationReference = 726495C053F085FDC806A67F /* Pods-SoTubeTests.release.xcconfig */;
			buildSettings = {
				ALWAYS_EMBED_SWIFT_STANDARD_LIBRARIES = YES;
				BUNDLE_LOADER = "$(TEST_HOST)";
				INFOPLIST_FILE = SoTubeTests/Info.plist;
				LD_RUNPATH_SEARCH_PATHS = "$(inherited) @executable_path/Frameworks @loader_path/Frameworks";
				PRODUCT_BUNDLE_IDENTIFIER = com.NVMetTalent.SoTubeTests;
				PRODUCT_NAME = "$(TARGET_NAME)";
				SWIFT_VERSION = 3.0;
				TEST_HOST = "$(BUILT_PRODUCTS_DIR)/SoTube.app/SoTube";
			};
			name = Release;
		};
		A09477EF1EBCA03A00B62278 /* Debug */ = {
			isa = XCBuildConfiguration;
			baseConfigurationReference = DCA2687859902B7E8525CD38 /* Pods-SoTubeUITests.debug.xcconfig */;
			buildSettings = {
				ALWAYS_EMBED_SWIFT_STANDARD_LIBRARIES = YES;
				INFOPLIST_FILE = SoTubeUITests/Info.plist;
				LD_RUNPATH_SEARCH_PATHS = "$(inherited) @executable_path/Frameworks @loader_path/Frameworks";
				PRODUCT_BUNDLE_IDENTIFIER = com.NVMetTalent.SoTubeUITests;
				PRODUCT_NAME = "$(TARGET_NAME)";
				SWIFT_VERSION = 3.0;
				TEST_TARGET_NAME = SoTube;
			};
			name = Debug;
		};
		A09477F01EBCA03A00B62278 /* Release */ = {
			isa = XCBuildConfiguration;
			baseConfigurationReference = BB40F82D7C5E0F469983EEB9 /* Pods-SoTubeUITests.release.xcconfig */;
			buildSettings = {
				ALWAYS_EMBED_SWIFT_STANDARD_LIBRARIES = YES;
				INFOPLIST_FILE = SoTubeUITests/Info.plist;
				LD_RUNPATH_SEARCH_PATHS = "$(inherited) @executable_path/Frameworks @loader_path/Frameworks";
				PRODUCT_BUNDLE_IDENTIFIER = com.NVMetTalent.SoTubeUITests;
				PRODUCT_NAME = "$(TARGET_NAME)";
				SWIFT_VERSION = 3.0;
				TEST_TARGET_NAME = SoTube;
			};
			name = Release;
		};
/* End XCBuildConfiguration section */

/* Begin XCConfigurationList section */
		A09477BB1EBCA03A00B62278 /* Build configuration list for PBXProject "SoTube" */ = {
			isa = XCConfigurationList;
			buildConfigurations = (
				A09477E61EBCA03A00B62278 /* Debug */,
				A09477E71EBCA03A00B62278 /* Release */,
			);
			defaultConfigurationIsVisible = 0;
			defaultConfigurationName = Release;
		};
		A09477E81EBCA03A00B62278 /* Build configuration list for PBXNativeTarget "SoTube" */ = {
			isa = XCConfigurationList;
			buildConfigurations = (
				A09477E91EBCA03A00B62278 /* Debug */,
				A09477EA1EBCA03A00B62278 /* Release */,
			);
			defaultConfigurationIsVisible = 0;
			defaultConfigurationName = Release;
		};
		A09477EB1EBCA03A00B62278 /* Build configuration list for PBXNativeTarget "SoTubeTests" */ = {
			isa = XCConfigurationList;
			buildConfigurations = (
				A09477EC1EBCA03A00B62278 /* Debug */,
				A09477ED1EBCA03A00B62278 /* Release */,
			);
			defaultConfigurationIsVisible = 0;
			defaultConfigurationName = Release;
		};
		A09477EE1EBCA03A00B62278 /* Build configuration list for PBXNativeTarget "SoTubeUITests" */ = {
			isa = XCConfigurationList;
			buildConfigurations = (
				A09477EF1EBCA03A00B62278 /* Debug */,
				A09477F01EBCA03A00B62278 /* Release */,
			);
			defaultConfigurationIsVisible = 0;
			defaultConfigurationName = Release;
		};
/* End XCConfigurationList section */
	};
	rootObject = A09477B81EBCA03A00B62278 /* Project object */;
}
